Microsoft Visual Studio Solution File, Format Version 12.00
Project("{9A19103F-16F7-4668-BE54-9A1E7A4F7556}") = "JustinWritesCode.Enumerations.Enumeration", "JustinWritesCode.Enumerations.Enumeration.csproj", "{1D1A7870-CA99-4968-849C-98E344469732}"
EndProject
Project("{9A19103F-16F7-4668-BE54-9A1E7A4F7556}") = "JustinWritesCode.Enumerations.Abstractions", "Abstractions\JustinWritesCode.Enumerations.Abstractions.csproj", "{063CEB28-7853-4D05-9319-D03C93F2632F}"
EndProject
Project("{2150E333-8FDC-42A3-9474-1A3956D46DE8}") = "Enumerations", "Enumerations", "{DA58F307-F97A-458A-9311-04C0A0F078EB}"
EndProject
Global
	GlobalSection(SolutionConfigurationPlatforms) = preSolution
		Local|Any CPU = Local|Any CPU
		Debug|Any CPU = Debug|Any CPU
		Staging|Any CPU = Staging|Any CPU
		Release|Any CPU = Release|Any CPU
		Testing|Any CPU = Testing|Any CPU
	EndGlobalSection
	GlobalSection(ProjectConfigurationPlatforms) = postSolution
		{1D1A7870-CA99-4968-849C-98E344469732}.Local|Any CPU.ActiveCfg = Local|Any CPU
		{1D1A7870-CA99-4968-849C-98E344469732}.Local|Any CPU.Build.0 = Local|Any CPU
		{1D1A7870-CA99-4968-849C-98E344469732}.Debug|Any CPU.ActiveCfg = Debug|Any CPU
		{1D1A7870-CA99-4968-849C-98E344469732}.Debug|Any CPU.Build.0 = Debug|Any CPU
		{1D1A7870-CA99-4968-849C-98E344469732}.Staging|Any CPU.ActiveCfg = Staging|Any CPU
		{1D1A7870-CA99-4968-849C-98E344469732}.Staging|Any CPU.Build.0 = Staging|Any CPU
		{1D1A7870-CA99-4968-849C-98E344469732}.Release|Any CPU.ActiveCfg = Release|Any CPU
		{1D1A7870-CA99-4968-849C-98E344469732}.Release|Any CPU.Build.0 = Release|Any CPU
		{1D1A7870-CA99-4968-849C-98E344469732}.Testing|Any CPU.ActiveCfg = Testing|Any CPU
		{1D1A7870-CA99-4968-849C-98E344469732}.Testing|Any CPU.Build.0 = Testing|Any CPU
		{063CEB28-7853-4D05-9319-D03C93F2632F}.Local|Any CPU.ActiveCfg = Local|Any CPU
		{063CEB28-7853-4D05-9319-D03C93F2632F}.Local|Any CPU.Build.0 = Local|Any CPU
		{063CEB28-7853-4D05-9319-D03C93F2632F}.Debug|Any CPU.ActiveCfg = Debug|Any CPU
		{063CEB28-7853-4D05-9319-D03C93F2632F}.Debug|Any CPU.Build.0 = Debug|Any CPU
		{063CEB28-7853-4D05-9319-D03C93F2632F}.Staging|Any CPU.ActiveCfg = Staging|Any CPU
		{063CEB28-7853-4D05-9319-D03C93F2632F}.Staging|Any CPU.Build.0 = Staging|Any CPU
		{063CEB28-7853-4D05-9319-D03C93F2632F}.Release|Any CPU.ActiveCfg = Release|Any CPU
		{063CEB28-7853-4D05-9319-D03C93F2632F}.Release|Any CPU.Build.0 = Release|Any CPU
		{063CEB28-7853-4D05-9319-D03C93F2632F}.Testing|Any CPU.ActiveCfg = Testing|Any CPU
		{063CEB28-7853-4D05-9319-D03C93F2632F}.Testing|Any CPU.Build.0 = Testing|Any CPU
	EndGlobalSection
	GlobalSection(SolutionProperties) = preSolution
		HideSolutionNode = FALSE
	EndGlobalSection
	GlobalSection(NestedProjects) = preSolution
		{1D1A7870-CA99-4968-849C-98E344469732} = {DA58F307-F97A-458A-9311-04C0A0F078EB}
		{063CEB28-7853-4D05-9319-D03C93F2632F} = {DA58F307-F97A-458A-9311-04C0A0F078EB}
	EndGlobalSection
	GlobalSection(ExtensibilityGlobals) = postSolution
		SolutionGuid = {A77C6B8D-2AE6-4AF5-A720-676EB540335C}
	EndGlobalSection
EndGlobal
