Microsoft Visual Studio Solution File, Format Version 12.00
Project("{9A19103F-16F7-4668-BE54-9A1E7A4F7556}") = "JustinWritesCode.Security.Claims", "JustinWritesCode.Security.Claims.csproj", "{0DCC421E-1868-4928-946D-A615FDBC8567}"
EndProject
Project("{2150E333-8FDC-42A3-9474-1A3956D46DE8}") = "src", "src", "{E7BD09A8-8A31-425F-B2CB-FD0B6223E927}"
EndProject
Global
	GlobalSection(SolutionConfigurationPlatforms) = preSolution
		Testing|Any CPU = Testing|Any CPU
		Local|Any CPU = Local|Any CPU
		Debug|Any CPU = Debug|Any CPU
		Staging|Any CPU = Staging|Any CPU
		Release|Any CPU = Release|Any CPU
	EndGlobalSection
	GlobalSection(ProjectConfigurationPlatforms) = postSolution
		{0DCC421E-1868-4928-946D-A615FDBC8567}.Testing|Any CPU.ActiveCfg = Testing|Any CPU
		{0DCC421E-1868-4928-946D-A615FDBC8567}.Testing|Any CPU.Build.0 = Testing|Any CPU
		{0DCC421E-1868-4928-946D-A615FDBC8567}.Local|Any CPU.ActiveCfg = Local|Any CPU
		{0DCC421E-1868-4928-946D-A615FDBC8567}.Local|Any CPU.Build.0 = Local|Any CPU
		{0DCC421E-1868-4928-946D-A615FDBC8567}.Debug|Any CPU.ActiveCfg = Debug|Any CPU
		{0DCC421E-1868-4928-946D-A615FDBC8567}.Debug|Any CPU.Build.0 = Debug|Any CPU
		{0DCC421E-1868-4928-946D-A615FDBC8567}.Staging|Any CPU.ActiveCfg = Staging|Any CPU
		{0DCC421E-1868-4928-946D-A615FDBC8567}.Staging|Any CPU.Build.0 = Staging|Any CPU
		{0DCC421E-1868-4928-946D-A615FDBC8567}.Release|Any CPU.ActiveCfg = Release|Any CPU
		{0DCC421E-1868-4928-946D-A615FDBC8567}.Release|Any CPU.Build.0 = Release|Any CPU
	EndGlobalSection
	GlobalSection(SolutionProperties) = preSolution
		HideSolutionNode = FALSE
	EndGlobalSection
	GlobalSection(NestedProjects) = preSolution
		{0DCC421E-1868-4928-946D-A615FDBC8567} = {E7BD09A8-8A31-425F-B2CB-FD0B6223E927}
	EndGlobalSection
	GlobalSection(ExtensibilityGlobals) = postSolution
		SolutionGuid = {DEC97ABF-36F7-4261-9B95-A0852CEE13FA}
	EndGlobalSection
EndGlobal
