Microsoft Visual Studio Solution File, Format Version 12.00
Project("{9A19103F-16F7-4668-BE54-9A1E7A4F7556}") = "JustinWritesCode.CodeGeneration.Constants", "..\CodeGeneration\src\Constants\JustinWritesCode.CodeGeneration.Constants.csproj", "{7229505A-6344-4273-97F1-D8FF2715DD56}"
EndProject
Project("{9A19103F-16F7-4668-BE54-9A1E7A4F7556}") = "JustinWritesCode.Abstractions", "src\Core\Abstractions\JustinWritesCode.Abstractions.csproj", "{4F11516B-A2E4-4E60-B56D-9ABDCF82ABC8}"
EndProject
Project("{9A19103F-16F7-4668-BE54-9A1E7A4F7556}") = "JustinWritesCode.ComponentModel", "src\Core\ComponentModel\JustinWritesCode.ComponentModel.csproj", "{B09B4CBF-588F-4128-9DCC-C09D6626CBA6}"
EndProject
Project("{34EAC930-E0CA-420B-BD8C-86042DD9E676}") = "JustinWritesCode.Types.Core", "src\Core\JustinWritesCode.Types.Core.slnproj", "{B04E895A-3B3C-4A1B-A3DF-392068824F80}"
EndProject
Project("{9A19103F-16F7-4668-BE54-9A1E7A4F7556}") = "JustinWritesCode.Domain", "src\Domain\JustinWritesCode.Domain.csproj", "{FD901712-81E3-4897-88B7-0514657DE094}"
EndProject
Project("{9A19103F-16F7-4668-BE54-9A1E7A4F7556}") = "JustinWritesCode.Enumerations.CodeGeneration", "src\Enumerations\CodeGeneration\JustinWritesCode.Enumerations.CodeGeneration.csproj", "{9625CC79-E8C4-44E8-ACDD-D500634923EF}"
EndProject
Project("{9A19103F-16F7-4668-BE54-9A1E7A4F7556}") = "JustinWritesCode.Enumerations.Abstractions", "src\Enumerations\Enumeration\Abstractions\JustinWritesCode.Enumerations.Abstractions.csproj", "{F7E9A2CF-5E61-473B-9C85-E64ABFD505F8}"
EndProject
Project("{9A19103F-16F7-4668-BE54-9A1E7A4F7556}") = "JustinWritesCode.Enumerations.Enumeration", "src\Enumerations\Enumeration\JustinWritesCode.Enumerations.Enumeration.csproj", "{5C506FE7-9F58-4D36-AAA7-0A7FFF143EE8}"
EndProject
Project("{9A19103F-16F7-4668-BE54-9A1E7A4F7556}") = "JustinWritesCode.Enumerations.EnumsTests", "src\Enumerations\EnumerationsTests\JustinWritesCode.Enumerations.EnumsTests.csproj", "{8B65045F-050A-4142-99D4-40CBF48E75A2}"
EndProject
Project("{9A19103F-16F7-4668-BE54-9A1E7A4F7556}") = "JustinWritesCode.Enums", "src\Enumerations\Enums\JustinWritesCode.Enums.csproj", "{03E13D2B-5D88-4B4B-8A11-52BA948EE382}"
EndProject
Project("{9A19103F-16F7-4668-BE54-9A1E7A4F7556}") = "JustinWritesCode.Enumerations", "src\Enumerations\JustinWritesCode.Enumerations.csproj", "{77FF6967-03C3-4843-8F57-A167FAD4F2DB}"
EndProject
Project("{9A19103F-16F7-4668-BE54-9A1E7A4F7556}") = "JustinWritesCode.Extensions", "src\Extensions\JustinWritesCode.Extensions.csproj", "{492EFAFC-6FC0-427A-AF82-B923459978B1}"
EndProject
Project("{9A19103F-16F7-4668-BE54-9A1E7A4F7556}") = "JustinWritesCode.Http.Extensions", "src\Http\Extensions\JustinWritesCode.Http.Extensions.csproj", "{04624D0D-C0B7-41BA-9031-FBE1FFF4018B}"
EndProject
Project("{9A19103F-16F7-4668-BE54-9A1E7A4F7556}") = "JustinWritesCode.Payloads", "src\Payloads\JustinWritesCode.Payloads.csproj", "{5A24AB81-C323-4170-9CBC-8C3937381E01}"
EndProject
Project("{9A19103F-16F7-4668-BE54-9A1E7A4F7556}") = "JustinWritesCode.Enumerations.CodeGeneration.Tests", "tests\Enumerations\CodeGeneration.Tests\JustinWritesCode.Enumerations.CodeGeneration.Tests.csproj", "{9B910443-EEB0-48FA-8632-FBE210D0153A}"
EndProject
Project("{2150E333-8FDC-42A3-9474-1A3956D46DE8}") = "src", "src", "{87CD8FC4-BA50-4226-922A-0E4E7120D214}"
EndProject
Project("{2150E333-8FDC-42A3-9474-1A3956D46DE8}") = "Core", "Core", "{3A352D5A-2ECA-4EE8-9E7A-63F8E0B8D2B3}"
EndProject
Project("{2150E333-8FDC-42A3-9474-1A3956D46DE8}") = "Domain", "Domain", "{2E6991AC-05C5-4AAC-B5A3-2703DB2B9CC3}"
EndProject
Project("{2150E333-8FDC-42A3-9474-1A3956D46DE8}") = "Enumerations", "Enumerations", "{2F57D0A0-45A1-4BAB-99A9-A9105E1C5205}"
EndProject
Project("{2150E333-8FDC-42A3-9474-1A3956D46DE8}") = "tests", "tests", "{909ACB01-8CBC-4F43-92DB-7ACC769B882B}"
EndProject
Project("{2150E333-8FDC-42A3-9474-1A3956D46DE8}") = "Extensions", "Extensions", "{8409FA4A-3202-4E23-8A13-DCF368788679}"
EndProject
Global
    GlobalSection(SolutionConfigurationPlatforms) = preSolution
        Testing|Any CPU = Testing|Any CPU
        Local|Any CPU = Local|Any CPU
        Debug|Any CPU = Debug|Any CPU
        Staging|Any CPU = Staging|Any CPU
        Release|Any CPU = Release|Any CPU
        Dev|Any CPU = Dev|Any CPU
        Stage|Any CPU = Stage|Any CPU
    EndGlobalSection
    GlobalSection(ProjectConfigurationPlatforms) = postSolution
        {7229505A-6344-4273-97F1-D8FF2715DD56}.Testing|Any CPU.ActiveCfg = Testing|Any CPU
        {7229505A-6344-4273-97F1-D8FF2715DD56}.Testing|Any CPU.Build.0 = Testing|Any CPU
        {7229505A-6344-4273-97F1-D8FF2715DD56}.Local|Any CPU.ActiveCfg = Local|Any CPU
        {7229505A-6344-4273-97F1-D8FF2715DD56}.Local|Any CPU.Build.0 = Local|Any CPU
        {7229505A-6344-4273-97F1-D8FF2715DD56}.Debug|Any CPU.ActiveCfg = Debug|Any CPU
        {7229505A-6344-4273-97F1-D8FF2715DD56}.Debug|Any CPU.Build.0 = Debug|Any CPU
        {7229505A-6344-4273-97F1-D8FF2715DD56}.Staging|Any CPU.ActiveCfg = Staging|Any CPU
        {7229505A-6344-4273-97F1-D8FF2715DD56}.Staging|Any CPU.Build.0 = Staging|Any CPU
        {7229505A-6344-4273-97F1-D8FF2715DD56}.Release|Any CPU.ActiveCfg = Release|Any CPU
        {7229505A-6344-4273-97F1-D8FF2715DD56}.Release|Any CPU.Build.0 = Release|Any CPU
        {7229505A-6344-4273-97F1-D8FF2715DD56}.Dev|Any CPU.ActiveCfg = Testing|Any CPU
        {7229505A-6344-4273-97F1-D8FF2715DD56}.Stage|Any CPU.ActiveCfg = Testing|Any CPU
        {4F11516B-A2E4-4E60-B56D-9ABDCF82ABC8}.Testing|Any CPU.ActiveCfg = Testing|Any CPU
        {4F11516B-A2E4-4E60-B56D-9ABDCF82ABC8}.Testing|Any CPU.Build.0 = Testing|Any CPU
        {4F11516B-A2E4-4E60-B56D-9ABDCF82ABC8}.Local|Any CPU.ActiveCfg = Local|Any CPU
        {4F11516B-A2E4-4E60-B56D-9ABDCF82ABC8}.Local|Any CPU.Build.0 = Local|Any CPU
        {4F11516B-A2E4-4E60-B56D-9ABDCF82ABC8}.Debug|Any CPU.ActiveCfg = Debug|Any CPU
        {4F11516B-A2E4-4E60-B56D-9ABDCF82ABC8}.Debug|Any CPU.Build.0 = Debug|Any CPU
        {4F11516B-A2E4-4E60-B56D-9ABDCF82ABC8}.Staging|Any CPU.ActiveCfg = Staging|Any CPU
        {4F11516B-A2E4-4E60-B56D-9ABDCF82ABC8}.Staging|Any CPU.Build.0 = Staging|Any CPU
        {4F11516B-A2E4-4E60-B56D-9ABDCF82ABC8}.Release|Any CPU.ActiveCfg = Release|Any CPU
        {4F11516B-A2E4-4E60-B56D-9ABDCF82ABC8}.Release|Any CPU.Build.0 = Release|Any CPU
        {4F11516B-A2E4-4E60-B56D-9ABDCF82ABC8}.Dev|Any CPU.ActiveCfg = Testing|Any CPU
        {4F11516B-A2E4-4E60-B56D-9ABDCF82ABC8}.Stage|Any CPU.ActiveCfg = Testing|Any CPU
        {B09B4CBF-588F-4128-9DCC-C09D6626CBA6}.Testing|Any CPU.ActiveCfg = Testing|Any CPU
        {B09B4CBF-588F-4128-9DCC-C09D6626CBA6}.Testing|Any CPU.Build.0 = Testing|Any CPU
        {B09B4CBF-588F-4128-9DCC-C09D6626CBA6}.Local|Any CPU.ActiveCfg = Local|Any CPU
        {B09B4CBF-588F-4128-9DCC-C09D6626CBA6}.Local|Any CPU.Build.0 = Local|Any CPU
        {B09B4CBF-588F-4128-9DCC-C09D6626CBA6}.Debug|Any CPU.ActiveCfg = Debug|Any CPU
        {B09B4CBF-588F-4128-9DCC-C09D6626CBA6}.Debug|Any CPU.Build.0 = Debug|Any CPU
        {B09B4CBF-588F-4128-9DCC-C09D6626CBA6}.Staging|Any CPU.ActiveCfg = Staging|Any CPU
        {B09B4CBF-588F-4128-9DCC-C09D6626CBA6}.Staging|Any CPU.Build.0 = Staging|Any CPU
        {B09B4CBF-588F-4128-9DCC-C09D6626CBA6}.Release|Any CPU.ActiveCfg = Release|Any CPU
        {B09B4CBF-588F-4128-9DCC-C09D6626CBA6}.Release|Any CPU.Build.0 = Release|Any CPU
        {B09B4CBF-588F-4128-9DCC-C09D6626CBA6}.Dev|Any CPU.ActiveCfg = Testing|Any CPU
        {B09B4CBF-588F-4128-9DCC-C09D6626CBA6}.Stage|Any CPU.ActiveCfg = Testing|Any CPU
        {B04E895A-3B3C-4A1B-A3DF-392068824F80}.Testing|Any CPU.ActiveCfg = Testing|Any CPU
        {B04E895A-3B3C-4A1B-A3DF-392068824F80}.Testing|Any CPU.Build.0 = Testing|Any CPU
        {B04E895A-3B3C-4A1B-A3DF-392068824F80}.Local|Any CPU.ActiveCfg = Local|Any CPU
        {B04E895A-3B3C-4A1B-A3DF-392068824F80}.Local|Any CPU.Build.0 = Local|Any CPU
        {B04E895A-3B3C-4A1B-A3DF-392068824F80}.Debug|Any CPU.ActiveCfg = Debug|Any CPU
        {B04E895A-3B3C-4A1B-A3DF-392068824F80}.Debug|Any CPU.Build.0 = Debug|Any CPU
        {B04E895A-3B3C-4A1B-A3DF-392068824F80}.Staging|Any CPU.ActiveCfg = Staging|Any CPU
        {B04E895A-3B3C-4A1B-A3DF-392068824F80}.Staging|Any CPU.Build.0 = Staging|Any CPU
        {B04E895A-3B3C-4A1B-A3DF-392068824F80}.Release|Any CPU.ActiveCfg = Release|Any CPU
        {B04E895A-3B3C-4A1B-A3DF-392068824F80}.Release|Any CPU.Build.0 = Release|Any CPU
        {B04E895A-3B3C-4A1B-A3DF-392068824F80}.Dev|Any CPU.ActiveCfg = Dev|Any CPU
        {B04E895A-3B3C-4A1B-A3DF-392068824F80}.Dev|Any CPU.Build.0 = Dev|Any CPU
        {B04E895A-3B3C-4A1B-A3DF-392068824F80}.Stage|Any CPU.ActiveCfg = Stage|Any CPU
        {B04E895A-3B3C-4A1B-A3DF-392068824F80}.Stage|Any CPU.Build.0 = Stage|Any CPU
        {FD901712-81E3-4897-88B7-0514657DE094}.Testing|Any CPU.ActiveCfg = Testing|Any CPU
        {FD901712-81E3-4897-88B7-0514657DE094}.Testing|Any CPU.Build.0 = Testing|Any CPU
        {FD901712-81E3-4897-88B7-0514657DE094}.Local|Any CPU.ActiveCfg = Local|Any CPU
        {FD901712-81E3-4897-88B7-0514657DE094}.Local|Any CPU.Build.0 = Local|Any CPU
        {FD901712-81E3-4897-88B7-0514657DE094}.Debug|Any CPU.ActiveCfg = Debug|Any CPU
        {FD901712-81E3-4897-88B7-0514657DE094}.Debug|Any CPU.Build.0 = Debug|Any CPU
        {FD901712-81E3-4897-88B7-0514657DE094}.Staging|Any CPU.ActiveCfg = Staging|Any CPU
        {FD901712-81E3-4897-88B7-0514657DE094}.Staging|Any CPU.Build.0 = Staging|Any CPU
        {FD901712-81E3-4897-88B7-0514657DE094}.Release|Any CPU.ActiveCfg = Release|Any CPU
        {FD901712-81E3-4897-88B7-0514657DE094}.Release|Any CPU.Build.0 = Release|Any CPU
        {FD901712-81E3-4897-88B7-0514657DE094}.Dev|Any CPU.ActiveCfg = Testing|Any CPU
        {FD901712-81E3-4897-88B7-0514657DE094}.Stage|Any CPU.ActiveCfg = Testing|Any CPU
        {9625CC79-E8C4-44E8-ACDD-D500634923EF}.Testing|Any CPU.ActiveCfg = Testing|Any CPU
        {9625CC79-E8C4-44E8-ACDD-D500634923EF}.Testing|Any CPU.Build.0 = Testing|Any CPU
        {9625CC79-E8C4-44E8-ACDD-D500634923EF}.Local|Any CPU.ActiveCfg = Local|Any CPU
        {9625CC79-E8C4-44E8-ACDD-D500634923EF}.Local|Any CPU.Build.0 = Local|Any CPU
        {9625CC79-E8C4-44E8-ACDD-D500634923EF}.Debug|Any CPU.ActiveCfg = Debug|Any CPU
        {9625CC79-E8C4-44E8-ACDD-D500634923EF}.Debug|Any CPU.Build.0 = Debug|Any CPU
        {9625CC79-E8C4-44E8-ACDD-D500634923EF}.Staging|Any CPU.ActiveCfg = Staging|Any CPU
        {9625CC79-E8C4-44E8-ACDD-D500634923EF}.Staging|Any CPU.Build.0 = Staging|Any CPU
        {9625CC79-E8C4-44E8-ACDD-D500634923EF}.Release|Any CPU.ActiveCfg = Release|Any CPU
        {9625CC79-E8C4-44E8-ACDD-D500634923EF}.Release|Any CPU.Build.0 = Release|Any CPU
        {9625CC79-E8C4-44E8-ACDD-D500634923EF}.Dev|Any CPU.ActiveCfg = Testing|Any CPU
        {9625CC79-E8C4-44E8-ACDD-D500634923EF}.Stage|Any CPU.ActiveCfg = Testing|Any CPU
        {F7E9A2CF-5E61-473B-9C85-E64ABFD505F8}.Testing|Any CPU.ActiveCfg = Testing|Any CPU
        {F7E9A2CF-5E61-473B-9C85-E64ABFD505F8}.Testing|Any CPU.Build.0 = Testing|Any CPU
        {F7E9A2CF-5E61-473B-9C85-E64ABFD505F8}.Local|Any CPU.ActiveCfg = Local|Any CPU
        {F7E9A2CF-5E61-473B-9C85-E64ABFD505F8}.Local|Any CPU.Build.0 = Local|Any CPU
        {F7E9A2CF-5E61-473B-9C85-E64ABFD505F8}.Debug|Any CPU.ActiveCfg = Debug|Any CPU
        {F7E9A2CF-5E61-473B-9C85-E64ABFD505F8}.Debug|Any CPU.Build.0 = Debug|Any CPU
        {F7E9A2CF-5E61-473B-9C85-E64ABFD505F8}.Staging|Any CPU.ActiveCfg = Staging|Any CPU
        {F7E9A2CF-5E61-473B-9C85-E64ABFD505F8}.Staging|Any CPU.Build.0 = Staging|Any CPU
        {F7E9A2CF-5E61-473B-9C85-E64ABFD505F8}.Release|Any CPU.ActiveCfg = Release|Any CPU
        {F7E9A2CF-5E61-473B-9C85-E64ABFD505F8}.Release|Any CPU.Build.0 = Release|Any CPU
        {F7E9A2CF-5E61-473B-9C85-E64ABFD505F8}.Dev|Any CPU.ActiveCfg = Testing|Any CPU
        {F7E9A2CF-5E61-473B-9C85-E64ABFD505F8}.Stage|Any CPU.ActiveCfg = Testing|Any CPU
        {5C506FE7-9F58-4D36-AAA7-0A7FFF143EE8}.Testing|Any CPU.ActiveCfg = Testing|Any CPU
        {5C506FE7-9F58-4D36-AAA7-0A7FFF143EE8}.Testing|Any CPU.Build.0 = Testing|Any CPU
        {5C506FE7-9F58-4D36-AAA7-0A7FFF143EE8}.Local|Any CPU.ActiveCfg = Local|Any CPU
        {5C506FE7-9F58-4D36-AAA7-0A7FFF143EE8}.Local|Any CPU.Build.0 = Local|Any CPU
        {5C506FE7-9F58-4D36-AAA7-0A7FFF143EE8}.Debug|Any CPU.ActiveCfg = Debug|Any CPU
        {5C506FE7-9F58-4D36-AAA7-0A7FFF143EE8}.Debug|Any CPU.Build.0 = Debug|Any CPU
        {5C506FE7-9F58-4D36-AAA7-0A7FFF143EE8}.Staging|Any CPU.ActiveCfg = Staging|Any CPU
        {5C506FE7-9F58-4D36-AAA7-0A7FFF143EE8}.Staging|Any CPU.Build.0 = Staging|Any CPU
        {5C506FE7-9F58-4D36-AAA7-0A7FFF143EE8}.Release|Any CPU.ActiveCfg = Release|Any CPU
        {5C506FE7-9F58-4D36-AAA7-0A7FFF143EE8}.Release|Any CPU.Build.0 = Release|Any CPU
        {5C506FE7-9F58-4D36-AAA7-0A7FFF143EE8}.Dev|Any CPU.ActiveCfg = Testing|Any CPU
        {5C506FE7-9F58-4D36-AAA7-0A7FFF143EE8}.Stage|Any CPU.ActiveCfg = Testing|Any CPU
        {8B65045F-050A-4142-99D4-40CBF48E75A2}.Testing|Any CPU.ActiveCfg = Testing|Any CPU
        {8B65045F-050A-4142-99D4-40CBF48E75A2}.Testing|Any CPU.Build.0 = Testing|Any CPU
        {8B65045F-050A-4142-99D4-40CBF48E75A2}.Local|Any CPU.ActiveCfg = Local|Any CPU
        {8B65045F-050A-4142-99D4-40CBF48E75A2}.Local|Any CPU.Build.0 = Local|Any CPU
        {8B65045F-050A-4142-99D4-40CBF48E75A2}.Debug|Any CPU.ActiveCfg = Debug|Any CPU
        {8B65045F-050A-4142-99D4-40CBF48E75A2}.Debug|Any CPU.Build.0 = Debug|Any CPU
        {8B65045F-050A-4142-99D4-40CBF48E75A2}.Staging|Any CPU.ActiveCfg = Staging|Any CPU
        {8B65045F-050A-4142-99D4-40CBF48E75A2}.Staging|Any CPU.Build.0 = Staging|Any CPU
        {8B65045F-050A-4142-99D4-40CBF48E75A2}.Release|Any CPU.ActiveCfg = Release|Any CPU
        {8B65045F-050A-4142-99D4-40CBF48E75A2}.Release|Any CPU.Build.0 = Release|Any CPU
        {8B65045F-050A-4142-99D4-40CBF48E75A2}.Dev|Any CPU.ActiveCfg = Testing|Any CPU
        {8B65045F-050A-4142-99D4-40CBF48E75A2}.Stage|Any CPU.ActiveCfg = Testing|Any CPU
        {03E13D2B-5D88-4B4B-8A11-52BA948EE382}.Testing|Any CPU.ActiveCfg = Testing|Any CPU
        {03E13D2B-5D88-4B4B-8A11-52BA948EE382}.Testing|Any CPU.Build.0 = Testing|Any CPU
        {03E13D2B-5D88-4B4B-8A11-52BA948EE382}.Local|Any CPU.ActiveCfg = Local|Any CPU
        {03E13D2B-5D88-4B4B-8A11-52BA948EE382}.Local|Any CPU.Build.0 = Local|Any CPU
        {03E13D2B-5D88-4B4B-8A11-52BA948EE382}.Debug|Any CPU.ActiveCfg = Debug|Any CPU
        {03E13D2B-5D88-4B4B-8A11-52BA948EE382}.Debug|Any CPU.Build.0 = Debug|Any CPU
        {03E13D2B-5D88-4B4B-8A11-52BA948EE382}.Staging|Any CPU.ActiveCfg = Staging|Any CPU
        {03E13D2B-5D88-4B4B-8A11-52BA948EE382}.Staging|Any CPU.Build.0 = Staging|Any CPU
        {03E13D2B-5D88-4B4B-8A11-52BA948EE382}.Release|Any CPU.ActiveCfg = Release|Any CPU
        {03E13D2B-5D88-4B4B-8A11-52BA948EE382}.Release|Any CPU.Build.0 = Release|Any CPU
        {03E13D2B-5D88-4B4B-8A11-52BA948EE382}.Dev|Any CPU.ActiveCfg = Testing|Any CPU
        {03E13D2B-5D88-4B4B-8A11-52BA948EE382}.Stage|Any CPU.ActiveCfg = Testing|Any CPU
        {77FF6967-03C3-4843-8F57-A167FAD4F2DB}.Testing|Any CPU.ActiveCfg = Testing|Any CPU
        {77FF6967-03C3-4843-8F57-A167FAD4F2DB}.Testing|Any CPU.Build.0 = Testing|Any CPU
        {77FF6967-03C3-4843-8F57-A167FAD4F2DB}.Local|Any CPU.ActiveCfg = Local|Any CPU
        {77FF6967-03C3-4843-8F57-A167FAD4F2DB}.Local|Any CPU.Build.0 = Local|Any CPU
        {77FF6967-03C3-4843-8F57-A167FAD4F2DB}.Debug|Any CPU.ActiveCfg = Debug|Any CPU
        {77FF6967-03C3-4843-8F57-A167FAD4F2DB}.Debug|Any CPU.Build.0 = Debug|Any CPU
        {77FF6967-03C3-4843-8F57-A167FAD4F2DB}.Staging|Any CPU.ActiveCfg = Staging|Any CPU
        {77FF6967-03C3-4843-8F57-A167FAD4F2DB}.Staging|Any CPU.Build.0 = Staging|Any CPU
        {77FF6967-03C3-4843-8F57-A167FAD4F2DB}.Release|Any CPU.ActiveCfg = Release|Any CPU
        {77FF6967-03C3-4843-8F57-A167FAD4F2DB}.Release|Any CPU.Build.0 = Release|Any CPU
        {77FF6967-03C3-4843-8F57-A167FAD4F2DB}.Dev|Any CPU.ActiveCfg = Testing|Any CPU
        {77FF6967-03C3-4843-8F57-A167FAD4F2DB}.Stage|Any CPU.ActiveCfg = Testing|Any CPU
        {492EFAFC-6FC0-427A-AF82-B923459978B1}.Testing|Any CPU.ActiveCfg = Testing|Any CPU
        {492EFAFC-6FC0-427A-AF82-B923459978B1}.Testing|Any CPU.Build.0 = Testing|Any CPU
        {492EFAFC-6FC0-427A-AF82-B923459978B1}.Local|Any CPU.ActiveCfg = Local|Any CPU
        {492EFAFC-6FC0-427A-AF82-B923459978B1}.Local|Any CPU.Build.0 = Local|Any CPU
        {492EFAFC-6FC0-427A-AF82-B923459978B1}.Debug|Any CPU.ActiveCfg = Debug|Any CPU
        {492EFAFC-6FC0-427A-AF82-B923459978B1}.Debug|Any CPU.Build.0 = Debug|Any CPU
        {492EFAFC-6FC0-427A-AF82-B923459978B1}.Staging|Any CPU.ActiveCfg = Staging|Any CPU
        {492EFAFC-6FC0-427A-AF82-B923459978B1}.Staging|Any CPU.Build.0 = Staging|Any CPU
        {492EFAFC-6FC0-427A-AF82-B923459978B1}.Release|Any CPU.ActiveCfg = Release|Any CPU
        {492EFAFC-6FC0-427A-AF82-B923459978B1}.Release|Any CPU.Build.0 = Release|Any CPU
        {492EFAFC-6FC0-427A-AF82-B923459978B1}.Dev|Any CPU.ActiveCfg = Testing|Any CPU
        {492EFAFC-6FC0-427A-AF82-B923459978B1}.Stage|Any CPU.ActiveCfg = Testing|Any CPU
        {04624D0D-C0B7-41BA-9031-FBE1FFF4018B}.Testing|Any CPU.ActiveCfg = Testing|Any CPU
        {04624D0D-C0B7-41BA-9031-FBE1FFF4018B}.Testing|Any CPU.Build.0 = Testing|Any CPU
        {04624D0D-C0B7-41BA-9031-FBE1FFF4018B}.Local|Any CPU.ActiveCfg = Local|Any CPU
        {04624D0D-C0B7-41BA-9031-FBE1FFF4018B}.Local|Any CPU.Build.0 = Local|Any CPU
        {04624D0D-C0B7-41BA-9031-FBE1FFF4018B}.Debug|Any CPU.ActiveCfg = Debug|Any CPU
        {04624D0D-C0B7-41BA-9031-FBE1FFF4018B}.Debug|Any CPU.Build.0 = Debug|Any CPU
        {04624D0D-C0B7-41BA-9031-FBE1FFF4018B}.Staging|Any CPU.ActiveCfg = Staging|Any CPU
        {04624D0D-C0B7-41BA-9031-FBE1FFF4018B}.Staging|Any CPU.Build.0 = Staging|Any CPU
        {04624D0D-C0B7-41BA-9031-FBE1FFF4018B}.Release|Any CPU.ActiveCfg = Release|Any CPU
        {04624D0D-C0B7-41BA-9031-FBE1FFF4018B}.Release|Any CPU.Build.0 = Release|Any CPU
        {04624D0D-C0B7-41BA-9031-FBE1FFF4018B}.Dev|Any CPU.ActiveCfg = Testing|Any CPU
        {04624D0D-C0B7-41BA-9031-FBE1FFF4018B}.Stage|Any CPU.ActiveCfg = Testing|Any CPU
        {5A24AB81-C323-4170-9CBC-8C3937381E01}.Testing|Any CPU.ActiveCfg = Testing|Any CPU
        {5A24AB81-C323-4170-9CBC-8C3937381E01}.Testing|Any CPU.Build.0 = Testing|Any CPU
        {5A24AB81-C323-4170-9CBC-8C3937381E01}.Local|Any CPU.ActiveCfg = Local|Any CPU
        {5A24AB81-C323-4170-9CBC-8C3937381E01}.Local|Any CPU.Build.0 = Local|Any CPU
        {5A24AB81-C323-4170-9CBC-8C3937381E01}.Debug|Any CPU.ActiveCfg = Debug|Any CPU
        {5A24AB81-C323-4170-9CBC-8C3937381E01}.Debug|Any CPU.Build.0 = Debug|Any CPU
        {5A24AB81-C323-4170-9CBC-8C3937381E01}.Staging|Any CPU.ActiveCfg = Staging|Any CPU
        {5A24AB81-C323-4170-9CBC-8C3937381E01}.Staging|Any CPU.Build.0 = Staging|Any CPU
        {5A24AB81-C323-4170-9CBC-8C3937381E01}.Release|Any CPU.ActiveCfg = Release|Any CPU
        {5A24AB81-C323-4170-9CBC-8C3937381E01}.Release|Any CPU.Build.0 = Release|Any CPU
        {5A24AB81-C323-4170-9CBC-8C3937381E01}.Dev|Any CPU.ActiveCfg = Testing|Any CPU
        {5A24AB81-C323-4170-9CBC-8C3937381E01}.Stage|Any CPU.ActiveCfg = Testing|Any CPU
        {9B910443-EEB0-48FA-8632-FBE210D0153A}.Testing|Any CPU.ActiveCfg = Testing|Any CPU
        {9B910443-EEB0-48FA-8632-FBE210D0153A}.Testing|Any CPU.Build.0 = Testing|Any CPU
        {9B910443-EEB0-48FA-8632-FBE210D0153A}.Local|Any CPU.ActiveCfg = Local|Any CPU
        {9B910443-EEB0-48FA-8632-FBE210D0153A}.Local|Any CPU.Build.0 = Local|Any CPU
        {9B910443-EEB0-48FA-8632-FBE210D0153A}.Debug|Any CPU.ActiveCfg = Debug|Any CPU
        {9B910443-EEB0-48FA-8632-FBE210D0153A}.Debug|Any CPU.Build.0 = Debug|Any CPU
        {9B910443-EEB0-48FA-8632-FBE210D0153A}.Staging|Any CPU.ActiveCfg = Staging|Any CPU
        {9B910443-EEB0-48FA-8632-FBE210D0153A}.Staging|Any CPU.Build.0 = Staging|Any CPU
        {9B910443-EEB0-48FA-8632-FBE210D0153A}.Release|Any CPU.ActiveCfg = Release|Any CPU
        {9B910443-EEB0-48FA-8632-FBE210D0153A}.Release|Any CPU.Build.0 = Release|Any CPU
        {9B910443-EEB0-48FA-8632-FBE210D0153A}.Dev|Any CPU.ActiveCfg = Testing|Any CPU
        {9B910443-EEB0-48FA-8632-FBE210D0153A}.Stage|Any CPU.ActiveCfg = Testing|Any CPU
    EndGlobalSection
    GlobalSection(SolutionProperties) = preSolution
        HideSolutionNode = FALSE
    EndGlobalSection
    GlobalSection(NestedProjects) = preSolution
        {7229505A-6344-4273-97F1-D8FF2715DD56} = {87CD8FC4-BA50-4226-922A-0E4E7120D214}
        {5A24AB81-C323-4170-9CBC-8C3937381E01} = {87CD8FC4-BA50-4226-922A-0E4E7120D214}
        {4F11516B-A2E4-4E60-B56D-9ABDCF82ABC8} = {3A352D5A-2ECA-4EE8-9E7A-63F8E0B8D2B3}
        {B09B4CBF-588F-4128-9DCC-C09D6626CBA6} = {3A352D5A-2ECA-4EE8-9E7A-63F8E0B8D2B3}
        {B04E895A-3B3C-4A1B-A3DF-392068824F80} = {3A352D5A-2ECA-4EE8-9E7A-63F8E0B8D2B3}
        {FD901712-81E3-4897-88B7-0514657DE094} = {2E6991AC-05C5-4AAC-B5A3-2703DB2B9CC3}
        {9625CC79-E8C4-44E8-ACDD-D500634923EF} = {2F57D0A0-45A1-4BAB-99A9-A9105E1C5205}
        {F7E9A2CF-5E61-473B-9C85-E64ABFD505F8} = {2F57D0A0-45A1-4BAB-99A9-A9105E1C5205}
        {5C506FE7-9F58-4D36-AAA7-0A7FFF143EE8} = {2F57D0A0-45A1-4BAB-99A9-A9105E1C5205}
        {03E13D2B-5D88-4B4B-8A11-52BA948EE382} = {2F57D0A0-45A1-4BAB-99A9-A9105E1C5205}
        {77FF6967-03C3-4843-8F57-A167FAD4F2DB} = {2F57D0A0-45A1-4BAB-99A9-A9105E1C5205}
        {8B65045F-050A-4142-99D4-40CBF48E75A2} = {909ACB01-8CBC-4F43-92DB-7ACC769B882B}
        {492EFAFC-6FC0-427A-AF82-B923459978B1} = {8409FA4A-3202-4E23-8A13-DCF368788679}
        {04624D0D-C0B7-41BA-9031-FBE1FFF4018B} = {8409FA4A-3202-4E23-8A13-DCF368788679}
    EndGlobalSection
    GlobalSection(ExtensibilityGlobals) = postSolution
        SolutionGuid = {7290A1DA-4902-479A-ADA6-51B56179FAA0}
    EndGlobalSection
EndGlobal
