Microsoft Visual Studio Solution File, Format Version 12.00
Project("{9A19103F-16F7-4668-BE54-9A1E7A4F7556}") = "RestoreCommonFiles", "RestoreCommonFiles.restoreproj", "{96B9EB06-1394-4055-87FE-57A167FD3036}"
EndProject
Project("{9A19103F-16F7-4668-BE54-9A1E7A4F7556}") = "Abstractions", "src\Abstractions\Abstractions.csproj", "{10E40825-B2EC-40B0-BD9F-4C499890D8C2}"
EndProject
Project("{9A19103F-16F7-4668-BE54-9A1E7A4F7556}") = "ComponentModel", "src\ComponentModel\ComponentModel.csproj", "{2C9C9622-ED81-42E1-BBA2-AA2AB453AEBB}"
EndProject
Project("{9A19103F-16F7-4668-BE54-9A1E7A4F7556}") = "Core", "src\Core\Core.csproj", "{708BCFDC-882C-4345-AA01-05760BDD1410}"
EndProject
Project("{9A19103F-16F7-4668-BE54-9A1E7A4F7556}") = "Domain", "src\Domain\Domain.csproj", "{CD2EAB2A-39EC-4815-B01C-DF3F9E412959}"
EndProject
Project("{9A19103F-16F7-4668-BE54-9A1E7A4F7556}") = "CodeGeneration", "src\Enumerations\CodeGeneration\CodeGeneration.csproj", "{2EA0DC2F-FDDA-4CC2-97E0-0C29F5F6D6EF}"
EndProject
Project("{9A19103F-16F7-4668-BE54-9A1E7A4F7556}") = "Enumeration", "src\Enumerations\Enumeration\Enumeration.csproj", "{6A2C9F15-3484-4CC1-8735-CC385A5FCE65}"
EndProject
Project("{9A19103F-16F7-4668-BE54-9A1E7A4F7556}") = "Enumerations", "src\Enumerations\Enumerations.csproj", "{BEB7B216-EC9C-4E39-828E-94639E6C6C8F}"
EndProject
Project("{9A19103F-16F7-4668-BE54-9A1E7A4F7556}") = "EnumsTests", "src\Enumerations\EnumerationsTests\EnumsTests.csproj", "{30F3A63C-9D92-42C0-92F0-0386CBB86252}"
EndProject
Project("{9A19103F-16F7-4668-BE54-9A1E7A4F7556}") = "Enums", "src\Enums\Enums.csproj", "{886026D5-21FC-4D5C-9804-9FA9DE6B20B3}"
EndProject
Project("{9A19103F-16F7-4668-BE54-9A1E7A4F7556}") = "Extensions", "src\Extensions\Extensions.csproj", "{3CB9A2C2-249E-4974-AF3B-FE788875168F}"
EndProject
Project("{9A19103F-16F7-4668-BE54-9A1E7A4F7556}") = "Types", "src\Types.csproj", "{3945E1B8-7023-4F57-ADFD-D19BBD198622}"
EndProject
Project("{2150E333-8FDC-42A3-9474-1A3956D46DE8}") = "Core", "Core", "{3A352D5A-2ECA-4EE8-9E7A-63F8E0B8D2B3}"
EndProject
Project("{2150E333-8FDC-42A3-9474-1A3956D46DE8}") = "Annotations", "Annotations", "{549B32C6-C120-4572-95A7-1C310194CF04}"
EndProject
Project("{2150E333-8FDC-42A3-9474-1A3956D46DE8}") = "Domain", "Domain", "{2E6991AC-05C5-4AAC-B5A3-2703DB2B9CC3}"
EndProject
Project("{2150E333-8FDC-42A3-9474-1A3956D46DE8}") = "Core.Enumerations", "Core.Enumerations", "{98AC3C37-84C4-4D3E-830F-C11318C4968E}"
EndProject
Project("{2150E333-8FDC-42A3-9474-1A3956D46DE8}") = "src", "src", "{87CD8FC4-BA50-4226-922A-0E4E7120D214}"
EndProject
Global
	GlobalSection(SolutionConfigurationPlatforms) = preSolution
		Testing|Any CPU = Testing|Any CPU
		Local|Any CPU = Local|Any CPU
		Debug|Any CPU = Debug|Any CPU
		Staging|Any CPU = Staging|Any CPU
		Release|Any CPU = Release|Any CPU
	EndGlobalSection
	GlobalSection(ProjectConfigurationPlatforms) = postSolution
		{96B9EB06-1394-4055-87FE-57A167FD3036}.Testing|Any CPU.ActiveCfg = Testing|Any CPU
		{96B9EB06-1394-4055-87FE-57A167FD3036}.Testing|Any CPU.Build.0 = Testing|Any CPU
		{96B9EB06-1394-4055-87FE-57A167FD3036}.Local|Any CPU.ActiveCfg = Local|Any CPU
		{96B9EB06-1394-4055-87FE-57A167FD3036}.Local|Any CPU.Build.0 = Local|Any CPU
		{96B9EB06-1394-4055-87FE-57A167FD3036}.Debug|Any CPU.ActiveCfg = Debug|Any CPU
		{96B9EB06-1394-4055-87FE-57A167FD3036}.Debug|Any CPU.Build.0 = Debug|Any CPU
		{96B9EB06-1394-4055-87FE-57A167FD3036}.Staging|Any CPU.ActiveCfg = Staging|Any CPU
		{96B9EB06-1394-4055-87FE-57A167FD3036}.Staging|Any CPU.Build.0 = Staging|Any CPU
		{96B9EB06-1394-4055-87FE-57A167FD3036}.Release|Any CPU.ActiveCfg = Release|Any CPU
		{96B9EB06-1394-4055-87FE-57A167FD3036}.Release|Any CPU.Build.0 = Release|Any CPU
		{10E40825-B2EC-40B0-BD9F-4C499890D8C2}.Testing|Any CPU.ActiveCfg = Testing|Any CPU
		{10E40825-B2EC-40B0-BD9F-4C499890D8C2}.Testing|Any CPU.Build.0 = Testing|Any CPU
		{10E40825-B2EC-40B0-BD9F-4C499890D8C2}.Local|Any CPU.ActiveCfg = Local|Any CPU
		{10E40825-B2EC-40B0-BD9F-4C499890D8C2}.Local|Any CPU.Build.0 = Local|Any CPU
		{10E40825-B2EC-40B0-BD9F-4C499890D8C2}.Debug|Any CPU.ActiveCfg = Debug|Any CPU
		{10E40825-B2EC-40B0-BD9F-4C499890D8C2}.Debug|Any CPU.Build.0 = Debug|Any CPU
		{10E40825-B2EC-40B0-BD9F-4C499890D8C2}.Staging|Any CPU.ActiveCfg = Staging|Any CPU
		{10E40825-B2EC-40B0-BD9F-4C499890D8C2}.Staging|Any CPU.Build.0 = Staging|Any CPU
		{10E40825-B2EC-40B0-BD9F-4C499890D8C2}.Release|Any CPU.ActiveCfg = Release|Any CPU
		{10E40825-B2EC-40B0-BD9F-4C499890D8C2}.Release|Any CPU.Build.0 = Release|Any CPU
		{2C9C9622-ED81-42E1-BBA2-AA2AB453AEBB}.Testing|Any CPU.ActiveCfg = Testing|Any CPU
		{2C9C9622-ED81-42E1-BBA2-AA2AB453AEBB}.Testing|Any CPU.Build.0 = Testing|Any CPU
		{2C9C9622-ED81-42E1-BBA2-AA2AB453AEBB}.Local|Any CPU.ActiveCfg = Local|Any CPU
		{2C9C9622-ED81-42E1-BBA2-AA2AB453AEBB}.Local|Any CPU.Build.0 = Local|Any CPU
		{2C9C9622-ED81-42E1-BBA2-AA2AB453AEBB}.Debug|Any CPU.ActiveCfg = Debug|Any CPU
		{2C9C9622-ED81-42E1-BBA2-AA2AB453AEBB}.Debug|Any CPU.Build.0 = Debug|Any CPU
		{2C9C9622-ED81-42E1-BBA2-AA2AB453AEBB}.Staging|Any CPU.ActiveCfg = Staging|Any CPU
		{2C9C9622-ED81-42E1-BBA2-AA2AB453AEBB}.Staging|Any CPU.Build.0 = Staging|Any CPU
		{2C9C9622-ED81-42E1-BBA2-AA2AB453AEBB}.Release|Any CPU.ActiveCfg = Release|Any CPU
		{2C9C9622-ED81-42E1-BBA2-AA2AB453AEBB}.Release|Any CPU.Build.0 = Release|Any CPU
		{708BCFDC-882C-4345-AA01-05760BDD1410}.Testing|Any CPU.ActiveCfg = Testing|Any CPU
		{708BCFDC-882C-4345-AA01-05760BDD1410}.Testing|Any CPU.Build.0 = Testing|Any CPU
		{708BCFDC-882C-4345-AA01-05760BDD1410}.Local|Any CPU.ActiveCfg = Local|Any CPU
		{708BCFDC-882C-4345-AA01-05760BDD1410}.Local|Any CPU.Build.0 = Local|Any CPU
		{708BCFDC-882C-4345-AA01-05760BDD1410}.Debug|Any CPU.ActiveCfg = Debug|Any CPU
		{708BCFDC-882C-4345-AA01-05760BDD1410}.Debug|Any CPU.Build.0 = Debug|Any CPU
		{708BCFDC-882C-4345-AA01-05760BDD1410}.Staging|Any CPU.ActiveCfg = Staging|Any CPU
		{708BCFDC-882C-4345-AA01-05760BDD1410}.Staging|Any CPU.Build.0 = Staging|Any CPU
		{708BCFDC-882C-4345-AA01-05760BDD1410}.Release|Any CPU.ActiveCfg = Release|Any CPU
		{708BCFDC-882C-4345-AA01-05760BDD1410}.Release|Any CPU.Build.0 = Release|Any CPU
		{CD2EAB2A-39EC-4815-B01C-DF3F9E412959}.Testing|Any CPU.ActiveCfg = Testing|Any CPU
		{CD2EAB2A-39EC-4815-B01C-DF3F9E412959}.Testing|Any CPU.Build.0 = Testing|Any CPU
		{CD2EAB2A-39EC-4815-B01C-DF3F9E412959}.Local|Any CPU.ActiveCfg = Local|Any CPU
		{CD2EAB2A-39EC-4815-B01C-DF3F9E412959}.Local|Any CPU.Build.0 = Local|Any CPU
		{CD2EAB2A-39EC-4815-B01C-DF3F9E412959}.Debug|Any CPU.ActiveCfg = Debug|Any CPU
		{CD2EAB2A-39EC-4815-B01C-DF3F9E412959}.Debug|Any CPU.Build.0 = Debug|Any CPU
		{CD2EAB2A-39EC-4815-B01C-DF3F9E412959}.Staging|Any CPU.ActiveCfg = Staging|Any CPU
		{CD2EAB2A-39EC-4815-B01C-DF3F9E412959}.Staging|Any CPU.Build.0 = Staging|Any CPU
		{CD2EAB2A-39EC-4815-B01C-DF3F9E412959}.Release|Any CPU.ActiveCfg = Release|Any CPU
		{CD2EAB2A-39EC-4815-B01C-DF3F9E412959}.Release|Any CPU.Build.0 = Release|Any CPU
		{2EA0DC2F-FDDA-4CC2-97E0-0C29F5F6D6EF}.Testing|Any CPU.ActiveCfg = Testing|Any CPU
		{2EA0DC2F-FDDA-4CC2-97E0-0C29F5F6D6EF}.Testing|Any CPU.Build.0 = Testing|Any CPU
		{2EA0DC2F-FDDA-4CC2-97E0-0C29F5F6D6EF}.Local|Any CPU.ActiveCfg = Local|Any CPU
		{2EA0DC2F-FDDA-4CC2-97E0-0C29F5F6D6EF}.Local|Any CPU.Build.0 = Local|Any CPU
		{2EA0DC2F-FDDA-4CC2-97E0-0C29F5F6D6EF}.Debug|Any CPU.ActiveCfg = Debug|Any CPU
		{2EA0DC2F-FDDA-4CC2-97E0-0C29F5F6D6EF}.Debug|Any CPU.Build.0 = Debug|Any CPU
		{2EA0DC2F-FDDA-4CC2-97E0-0C29F5F6D6EF}.Staging|Any CPU.ActiveCfg = Staging|Any CPU
		{2EA0DC2F-FDDA-4CC2-97E0-0C29F5F6D6EF}.Staging|Any CPU.Build.0 = Staging|Any CPU
		{2EA0DC2F-FDDA-4CC2-97E0-0C29F5F6D6EF}.Release|Any CPU.ActiveCfg = Release|Any CPU
		{2EA0DC2F-FDDA-4CC2-97E0-0C29F5F6D6EF}.Release|Any CPU.Build.0 = Release|Any CPU
		{6A2C9F15-3484-4CC1-8735-CC385A5FCE65}.Testing|Any CPU.ActiveCfg = Testing|Any CPU
		{6A2C9F15-3484-4CC1-8735-CC385A5FCE65}.Testing|Any CPU.Build.0 = Testing|Any CPU
		{6A2C9F15-3484-4CC1-8735-CC385A5FCE65}.Local|Any CPU.ActiveCfg = Local|Any CPU
		{6A2C9F15-3484-4CC1-8735-CC385A5FCE65}.Local|Any CPU.Build.0 = Local|Any CPU
		{6A2C9F15-3484-4CC1-8735-CC385A5FCE65}.Debug|Any CPU.ActiveCfg = Debug|Any CPU
		{6A2C9F15-3484-4CC1-8735-CC385A5FCE65}.Debug|Any CPU.Build.0 = Debug|Any CPU
		{6A2C9F15-3484-4CC1-8735-CC385A5FCE65}.Staging|Any CPU.ActiveCfg = Staging|Any CPU
		{6A2C9F15-3484-4CC1-8735-CC385A5FCE65}.Staging|Any CPU.Build.0 = Staging|Any CPU
		{6A2C9F15-3484-4CC1-8735-CC385A5FCE65}.Release|Any CPU.ActiveCfg = Release|Any CPU
		{6A2C9F15-3484-4CC1-8735-CC385A5FCE65}.Release|Any CPU.Build.0 = Release|Any CPU
		{BEB7B216-EC9C-4E39-828E-94639E6C6C8F}.Testing|Any CPU.ActiveCfg = Testing|Any CPU
		{BEB7B216-EC9C-4E39-828E-94639E6C6C8F}.Testing|Any CPU.Build.0 = Testing|Any CPU
		{BEB7B216-EC9C-4E39-828E-94639E6C6C8F}.Local|Any CPU.ActiveCfg = Local|Any CPU
		{BEB7B216-EC9C-4E39-828E-94639E6C6C8F}.Local|Any CPU.Build.0 = Local|Any CPU
		{BEB7B216-EC9C-4E39-828E-94639E6C6C8F}.Debug|Any CPU.ActiveCfg = Debug|Any CPU
		{BEB7B216-EC9C-4E39-828E-94639E6C6C8F}.Debug|Any CPU.Build.0 = Debug|Any CPU
		{BEB7B216-EC9C-4E39-828E-94639E6C6C8F}.Staging|Any CPU.ActiveCfg = Staging|Any CPU
		{BEB7B216-EC9C-4E39-828E-94639E6C6C8F}.Staging|Any CPU.Build.0 = Staging|Any CPU
		{BEB7B216-EC9C-4E39-828E-94639E6C6C8F}.Release|Any CPU.ActiveCfg = Release|Any CPU
		{BEB7B216-EC9C-4E39-828E-94639E6C6C8F}.Release|Any CPU.Build.0 = Release|Any CPU
		{30F3A63C-9D92-42C0-92F0-0386CBB86252}.Testing|Any CPU.ActiveCfg = Testing|Any CPU
		{30F3A63C-9D92-42C0-92F0-0386CBB86252}.Testing|Any CPU.Build.0 = Testing|Any CPU
		{30F3A63C-9D92-42C0-92F0-0386CBB86252}.Local|Any CPU.ActiveCfg = Local|Any CPU
		{30F3A63C-9D92-42C0-92F0-0386CBB86252}.Local|Any CPU.Build.0 = Local|Any CPU
		{30F3A63C-9D92-42C0-92F0-0386CBB86252}.Debug|Any CPU.ActiveCfg = Debug|Any CPU
		{30F3A63C-9D92-42C0-92F0-0386CBB86252}.Debug|Any CPU.Build.0 = Debug|Any CPU
		{30F3A63C-9D92-42C0-92F0-0386CBB86252}.Staging|Any CPU.ActiveCfg = Staging|Any CPU
		{30F3A63C-9D92-42C0-92F0-0386CBB86252}.Staging|Any CPU.Build.0 = Staging|Any CPU
		{30F3A63C-9D92-42C0-92F0-0386CBB86252}.Release|Any CPU.ActiveCfg = Release|Any CPU
		{30F3A63C-9D92-42C0-92F0-0386CBB86252}.Release|Any CPU.Build.0 = Release|Any CPU
		{886026D5-21FC-4D5C-9804-9FA9DE6B20B3}.Testing|Any CPU.ActiveCfg = Testing|Any CPU
		{886026D5-21FC-4D5C-9804-9FA9DE6B20B3}.Testing|Any CPU.Build.0 = Testing|Any CPU
		{886026D5-21FC-4D5C-9804-9FA9DE6B20B3}.Local|Any CPU.ActiveCfg = Local|Any CPU
		{886026D5-21FC-4D5C-9804-9FA9DE6B20B3}.Local|Any CPU.Build.0 = Local|Any CPU
		{886026D5-21FC-4D5C-9804-9FA9DE6B20B3}.Debug|Any CPU.ActiveCfg = Debug|Any CPU
		{886026D5-21FC-4D5C-9804-9FA9DE6B20B3}.Debug|Any CPU.Build.0 = Debug|Any CPU
		{886026D5-21FC-4D5C-9804-9FA9DE6B20B3}.Staging|Any CPU.ActiveCfg = Staging|Any CPU
		{886026D5-21FC-4D5C-9804-9FA9DE6B20B3}.Staging|Any CPU.Build.0 = Staging|Any CPU
		{886026D5-21FC-4D5C-9804-9FA9DE6B20B3}.Release|Any CPU.ActiveCfg = Release|Any CPU
		{886026D5-21FC-4D5C-9804-9FA9DE6B20B3}.Release|Any CPU.Build.0 = Release|Any CPU
		{3CB9A2C2-249E-4974-AF3B-FE788875168F}.Testing|Any CPU.ActiveCfg = Testing|Any CPU
		{3CB9A2C2-249E-4974-AF3B-FE788875168F}.Testing|Any CPU.Build.0 = Testing|Any CPU
		{3CB9A2C2-249E-4974-AF3B-FE788875168F}.Local|Any CPU.ActiveCfg = Local|Any CPU
		{3CB9A2C2-249E-4974-AF3B-FE788875168F}.Local|Any CPU.Build.0 = Local|Any CPU
		{3CB9A2C2-249E-4974-AF3B-FE788875168F}.Debug|Any CPU.ActiveCfg = Debug|Any CPU
		{3CB9A2C2-249E-4974-AF3B-FE788875168F}.Debug|Any CPU.Build.0 = Debug|Any CPU
		{3CB9A2C2-249E-4974-AF3B-FE788875168F}.Staging|Any CPU.ActiveCfg = Staging|Any CPU
		{3CB9A2C2-249E-4974-AF3B-FE788875168F}.Staging|Any CPU.Build.0 = Staging|Any CPU
		{3CB9A2C2-249E-4974-AF3B-FE788875168F}.Release|Any CPU.ActiveCfg = Release|Any CPU
		{3CB9A2C2-249E-4974-AF3B-FE788875168F}.Release|Any CPU.Build.0 = Release|Any CPU
		{3945E1B8-7023-4F57-ADFD-D19BBD198622}.Testing|Any CPU.ActiveCfg = Testing|Any CPU
		{3945E1B8-7023-4F57-ADFD-D19BBD198622}.Testing|Any CPU.Build.0 = Testing|Any CPU
		{3945E1B8-7023-4F57-ADFD-D19BBD198622}.Local|Any CPU.ActiveCfg = Local|Any CPU
		{3945E1B8-7023-4F57-ADFD-D19BBD198622}.Local|Any CPU.Build.0 = Local|Any CPU
		{3945E1B8-7023-4F57-ADFD-D19BBD198622}.Debug|Any CPU.ActiveCfg = Debug|Any CPU
		{3945E1B8-7023-4F57-ADFD-D19BBD198622}.Debug|Any CPU.Build.0 = Debug|Any CPU
		{3945E1B8-7023-4F57-ADFD-D19BBD198622}.Staging|Any CPU.ActiveCfg = Staging|Any CPU
		{3945E1B8-7023-4F57-ADFD-D19BBD198622}.Staging|Any CPU.Build.0 = Staging|Any CPU
		{3945E1B8-7023-4F57-ADFD-D19BBD198622}.Release|Any CPU.ActiveCfg = Release|Any CPU
		{3945E1B8-7023-4F57-ADFD-D19BBD198622}.Release|Any CPU.Build.0 = Release|Any CPU
	EndGlobalSection
	GlobalSection(SolutionProperties) = preSolution
		HideSolutionNode = FALSE
	EndGlobalSection
	GlobalSection(NestedProjects) = preSolution
		{10E40825-B2EC-40B0-BD9F-4C499890D8C2} = {3A352D5A-2ECA-4EE8-9E7A-63F8E0B8D2B3}
		{708BCFDC-882C-4345-AA01-05760BDD1410} = {3A352D5A-2ECA-4EE8-9E7A-63F8E0B8D2B3}
		{2C9C9622-ED81-42E1-BBA2-AA2AB453AEBB} = {549B32C6-C120-4572-95A7-1C310194CF04}
		{CD2EAB2A-39EC-4815-B01C-DF3F9E412959} = {2E6991AC-05C5-4AAC-B5A3-2703DB2B9CC3}
		{BEB7B216-EC9C-4E39-828E-94639E6C6C8F} = {98AC3C37-84C4-4D3E-830F-C11318C4968E}
		{886026D5-21FC-4D5C-9804-9FA9DE6B20B3} = {98AC3C37-84C4-4D3E-830F-C11318C4968E}
		{3945E1B8-7023-4F57-ADFD-D19BBD198622} = {87CD8FC4-BA50-4226-922A-0E4E7120D214}
	EndGlobalSection
	GlobalSection(ExtensibilityGlobals) = postSolution
		SolutionGuid = {7290A1DA-4902-479A-ADA6-51B56179FAA0}
	EndGlobalSection
EndGlobal
