Microsoft Visual Studio Solution File, Format Version 12.00
Project("{9A19103F-16F7-4668-BE54-9A1E7A4F7556}") = "System.Compat", "src\Compat\System.Compat.csproj", "{F1A4E926-E5C6-4AB9-B64C-B0A6C333EA56}"
EndProject
Project("{9A19103F-16F7-4668-BE54-9A1E7A4F7556}") = "JustinWritesCode.Constants", "src\Constants\JustinWritesCode.Constants.csproj", "{9703C406-AA41-4069-BEB6-FAE9B3677894}"
EndProject
Project("{9A19103F-16F7-4668-BE54-9A1E7A4F7556}") = "JustinWritesCode.Abstractions", "src\Core\Abstractions\JustinWritesCode.Abstractions.csproj", "{AD55836D-5AEC-4637-AF13-A6E539245EFC}"
EndProject
Project("{9A19103F-16F7-4668-BE54-9A1E7A4F7556}") = "JustinWritesCode.ComponentModel", "src\Core\ComponentModel\JustinWritesCode.ComponentModel.csproj", "{E8C46D79-4224-4D4F-919A-B16CC138F87F}"
EndProject
Project("{9A19103F-16F7-4668-BE54-9A1E7A4F7556}") = "JustinWritesCode.Types.Core", "src\Core\JustinWritesCode.Types.Core.csproj", "{0756B637-4425-42D2-BE4E-0C6D857E4557}"
EndProject
Project("{9A19103F-16F7-4668-BE54-9A1E7A4F7556}") = "JustinWritesCode.Tuples", "src\Core\Tuples\JustinWritesCode.Tuples.csproj", "{792DD5C4-B436-4D1A-846C-6846E1908C62}"
EndProject
Project("{9A19103F-16F7-4668-BE54-9A1E7A4F7556}") = "JustinWritesCode.InterfaceGenerator", "src\InterfaceGenerator\JustinWritesCode.InterfaceGenerator.csproj", "{B9D31F32-3836-49F3-B732-12BFE1A9C661}"
EndProject
Project("{9A19103F-16F7-4668-BE54-9A1E7A4F7556}") = "JustinWritesCode.InterfaceGenerator.Samples", "src\InterfaceGenerator\samples\JustinWritesCode.InterfaceGenerator.Samples.csproj", "{E6204B55-08E4-4F68-A4FC-70E927028DB5}"
EndProject
Project("{9A19103F-16F7-4668-BE54-9A1E7A4F7556}") = "JustinWritesCode.InterfaceGenerator", "src\InterfaceGenerator\src\JustinWritesCode.InterfaceGenerator.csproj", "{92E3057E-22F4-4D07-933A-458F076D9093}"
EndProject
Project("{9A19103F-16F7-4668-BE54-9A1E7A4F7556}") = "JustinWritesCode.Primitives", "src\Primitives\JustinWritesCode.Primitives.csproj", "{1F47F7DF-BC90-4735-98A4-58866909E00E}"
EndProject
Project("{9A19103F-16F7-4668-BE54-9A1E7A4F7556}") = "JustinWritesCode.RegexDtoGenerator.Samples", "src\RegexDtoGenerator\Samples\JustinWritesCode.RegexDtoGenerator.Samples.csproj", "{9AD230FE-FB1A-426D-AB7D-1D1C4A1F99DC}"
EndProject
Project("{9A19103F-16F7-4668-BE54-9A1E7A4F7556}") = "JustinWritesCode.RegexDtoGenerator", "src\RegexDtoGenerator\src\JustinWritesCode.RegexDtoGenerator.csproj", "{EE29B754-9532-4AF9-BA12-EB346C9F8974}"
EndProject
Project("{2150E333-8FDC-42A3-9474-1A3956D46DE8}") = "src", "src", "{53C6BDAA-06B6-4299-892F-360A7B2CA757}"
EndProject
Project("{2150E333-8FDC-42A3-9474-1A3956D46DE8}") = "Core", "Core", "{1C222842-EB2E-4234-AF3E-5EFF02AF4E44}"
EndProject
Project("{2150E333-8FDC-42A3-9474-1A3956D46DE8}") = "Domain", "Domain", "{D30DE6A4-73CE-4962-8128-83F9596BBBFD}"
EndProject
Global
	GlobalSection(SolutionConfigurationPlatforms) = preSolution
		Local|Any CPU = Local|Any CPU
		Debug|Any CPU = Debug|Any CPU
		Staging|Any CPU = Staging|Any CPU
		Release|Any CPU = Release|Any CPU
		Testing|Any CPU = Testing|Any CPU
	EndGlobalSection
	GlobalSection(ProjectConfigurationPlatforms) = postSolution
		{F1A4E926-E5C6-4AB9-B64C-B0A6C333EA56}.Local|Any CPU.ActiveCfg = Local|Any CPU
		{F1A4E926-E5C6-4AB9-B64C-B0A6C333EA56}.Local|Any CPU.Build.0 = Local|Any CPU
		{F1A4E926-E5C6-4AB9-B64C-B0A6C333EA56}.Debug|Any CPU.ActiveCfg = Debug|Any CPU
		{F1A4E926-E5C6-4AB9-B64C-B0A6C333EA56}.Debug|Any CPU.Build.0 = Debug|Any CPU
		{F1A4E926-E5C6-4AB9-B64C-B0A6C333EA56}.Staging|Any CPU.ActiveCfg = Staging|Any CPU
		{F1A4E926-E5C6-4AB9-B64C-B0A6C333EA56}.Staging|Any CPU.Build.0 = Staging|Any CPU
		{F1A4E926-E5C6-4AB9-B64C-B0A6C333EA56}.Release|Any CPU.ActiveCfg = Release|Any CPU
		{F1A4E926-E5C6-4AB9-B64C-B0A6C333EA56}.Release|Any CPU.Build.0 = Release|Any CPU
		{F1A4E926-E5C6-4AB9-B64C-B0A6C333EA56}.Testing|Any CPU.ActiveCfg = Testing|Any CPU
		{F1A4E926-E5C6-4AB9-B64C-B0A6C333EA56}.Testing|Any CPU.Build.0 = Testing|Any CPU
		{9703C406-AA41-4069-BEB6-FAE9B3677894}.Local|Any CPU.ActiveCfg = Local|Any CPU
		{9703C406-AA41-4069-BEB6-FAE9B3677894}.Local|Any CPU.Build.0 = Local|Any CPU
		{9703C406-AA41-4069-BEB6-FAE9B3677894}.Debug|Any CPU.ActiveCfg = Debug|Any CPU
		{9703C406-AA41-4069-BEB6-FAE9B3677894}.Debug|Any CPU.Build.0 = Debug|Any CPU
		{9703C406-AA41-4069-BEB6-FAE9B3677894}.Staging|Any CPU.ActiveCfg = Staging|Any CPU
		{9703C406-AA41-4069-BEB6-FAE9B3677894}.Staging|Any CPU.Build.0 = Staging|Any CPU
		{9703C406-AA41-4069-BEB6-FAE9B3677894}.Release|Any CPU.ActiveCfg = Release|Any CPU
		{9703C406-AA41-4069-BEB6-FAE9B3677894}.Release|Any CPU.Build.0 = Release|Any CPU
		{9703C406-AA41-4069-BEB6-FAE9B3677894}.Testing|Any CPU.ActiveCfg = Testing|Any CPU
		{9703C406-AA41-4069-BEB6-FAE9B3677894}.Testing|Any CPU.Build.0 = Testing|Any CPU
		{AD55836D-5AEC-4637-AF13-A6E539245EFC}.Local|Any CPU.ActiveCfg = Local|Any CPU
		{AD55836D-5AEC-4637-AF13-A6E539245EFC}.Local|Any CPU.Build.0 = Local|Any CPU
		{AD55836D-5AEC-4637-AF13-A6E539245EFC}.Debug|Any CPU.ActiveCfg = Debug|Any CPU
		{AD55836D-5AEC-4637-AF13-A6E539245EFC}.Debug|Any CPU.Build.0 = Debug|Any CPU
		{AD55836D-5AEC-4637-AF13-A6E539245EFC}.Staging|Any CPU.ActiveCfg = Staging|Any CPU
		{AD55836D-5AEC-4637-AF13-A6E539245EFC}.Staging|Any CPU.Build.0 = Staging|Any CPU
		{AD55836D-5AEC-4637-AF13-A6E539245EFC}.Release|Any CPU.ActiveCfg = Release|Any CPU
		{AD55836D-5AEC-4637-AF13-A6E539245EFC}.Release|Any CPU.Build.0 = Release|Any CPU
		{AD55836D-5AEC-4637-AF13-A6E539245EFC}.Testing|Any CPU.ActiveCfg = Testing|Any CPU
		{AD55836D-5AEC-4637-AF13-A6E539245EFC}.Testing|Any CPU.Build.0 = Testing|Any CPU
		{E8C46D79-4224-4D4F-919A-B16CC138F87F}.Local|Any CPU.ActiveCfg = Local|Any CPU
		{E8C46D79-4224-4D4F-919A-B16CC138F87F}.Local|Any CPU.Build.0 = Local|Any CPU
		{E8C46D79-4224-4D4F-919A-B16CC138F87F}.Debug|Any CPU.ActiveCfg = Debug|Any CPU
		{E8C46D79-4224-4D4F-919A-B16CC138F87F}.Debug|Any CPU.Build.0 = Debug|Any CPU
		{E8C46D79-4224-4D4F-919A-B16CC138F87F}.Staging|Any CPU.ActiveCfg = Staging|Any CPU
		{E8C46D79-4224-4D4F-919A-B16CC138F87F}.Staging|Any CPU.Build.0 = Staging|Any CPU
		{E8C46D79-4224-4D4F-919A-B16CC138F87F}.Release|Any CPU.ActiveCfg = Release|Any CPU
		{E8C46D79-4224-4D4F-919A-B16CC138F87F}.Release|Any CPU.Build.0 = Release|Any CPU
		{E8C46D79-4224-4D4F-919A-B16CC138F87F}.Testing|Any CPU.ActiveCfg = Testing|Any CPU
		{E8C46D79-4224-4D4F-919A-B16CC138F87F}.Testing|Any CPU.Build.0 = Testing|Any CPU
		{0756B637-4425-42D2-BE4E-0C6D857E4557}.Local|Any CPU.ActiveCfg = Local|Any CPU
		{0756B637-4425-42D2-BE4E-0C6D857E4557}.Local|Any CPU.Build.0 = Local|Any CPU
		{0756B637-4425-42D2-BE4E-0C6D857E4557}.Debug|Any CPU.ActiveCfg = Debug|Any CPU
		{0756B637-4425-42D2-BE4E-0C6D857E4557}.Debug|Any CPU.Build.0 = Debug|Any CPU
		{0756B637-4425-42D2-BE4E-0C6D857E4557}.Staging|Any CPU.ActiveCfg = Staging|Any CPU
		{0756B637-4425-42D2-BE4E-0C6D857E4557}.Staging|Any CPU.Build.0 = Staging|Any CPU
		{0756B637-4425-42D2-BE4E-0C6D857E4557}.Release|Any CPU.ActiveCfg = Release|Any CPU
		{0756B637-4425-42D2-BE4E-0C6D857E4557}.Release|Any CPU.Build.0 = Release|Any CPU
		{0756B637-4425-42D2-BE4E-0C6D857E4557}.Testing|Any CPU.ActiveCfg = Testing|Any CPU
		{0756B637-4425-42D2-BE4E-0C6D857E4557}.Testing|Any CPU.Build.0 = Testing|Any CPU
		{792DD5C4-B436-4D1A-846C-6846E1908C62}.Local|Any CPU.ActiveCfg = Local|Any CPU
		{792DD5C4-B436-4D1A-846C-6846E1908C62}.Local|Any CPU.Build.0 = Local|Any CPU
		{792DD5C4-B436-4D1A-846C-6846E1908C62}.Debug|Any CPU.ActiveCfg = Debug|Any CPU
		{792DD5C4-B436-4D1A-846C-6846E1908C62}.Debug|Any CPU.Build.0 = Debug|Any CPU
		{792DD5C4-B436-4D1A-846C-6846E1908C62}.Staging|Any CPU.ActiveCfg = Staging|Any CPU
		{792DD5C4-B436-4D1A-846C-6846E1908C62}.Staging|Any CPU.Build.0 = Staging|Any CPU
		{792DD5C4-B436-4D1A-846C-6846E1908C62}.Release|Any CPU.ActiveCfg = Release|Any CPU
		{792DD5C4-B436-4D1A-846C-6846E1908C62}.Release|Any CPU.Build.0 = Release|Any CPU
		{792DD5C4-B436-4D1A-846C-6846E1908C62}.Testing|Any CPU.ActiveCfg = Testing|Any CPU
		{792DD5C4-B436-4D1A-846C-6846E1908C62}.Testing|Any CPU.Build.0 = Testing|Any CPU
		{B9D31F32-3836-49F3-B732-12BFE1A9C661}.Local|Any CPU.ActiveCfg = Local|Any CPU
		{B9D31F32-3836-49F3-B732-12BFE1A9C661}.Local|Any CPU.Build.0 = Local|Any CPU
		{B9D31F32-3836-49F3-B732-12BFE1A9C661}.Debug|Any CPU.ActiveCfg = Debug|Any CPU
		{B9D31F32-3836-49F3-B732-12BFE1A9C661}.Debug|Any CPU.Build.0 = Debug|Any CPU
		{B9D31F32-3836-49F3-B732-12BFE1A9C661}.Staging|Any CPU.ActiveCfg = Staging|Any CPU
		{B9D31F32-3836-49F3-B732-12BFE1A9C661}.Staging|Any CPU.Build.0 = Staging|Any CPU
		{B9D31F32-3836-49F3-B732-12BFE1A9C661}.Release|Any CPU.ActiveCfg = Release|Any CPU
		{B9D31F32-3836-49F3-B732-12BFE1A9C661}.Release|Any CPU.Build.0 = Release|Any CPU
		{B9D31F32-3836-49F3-B732-12BFE1A9C661}.Testing|Any CPU.ActiveCfg = Testing|Any CPU
		{B9D31F32-3836-49F3-B732-12BFE1A9C661}.Testing|Any CPU.Build.0 = Testing|Any CPU
		{E6204B55-08E4-4F68-A4FC-70E927028DB5}.Local|Any CPU.ActiveCfg = Local|Any CPU
		{E6204B55-08E4-4F68-A4FC-70E927028DB5}.Local|Any CPU.Build.0 = Local|Any CPU
		{E6204B55-08E4-4F68-A4FC-70E927028DB5}.Debug|Any CPU.ActiveCfg = Debug|Any CPU
		{E6204B55-08E4-4F68-A4FC-70E927028DB5}.Debug|Any CPU.Build.0 = Debug|Any CPU
		{E6204B55-08E4-4F68-A4FC-70E927028DB5}.Staging|Any CPU.ActiveCfg = Staging|Any CPU
		{E6204B55-08E4-4F68-A4FC-70E927028DB5}.Staging|Any CPU.Build.0 = Staging|Any CPU
		{E6204B55-08E4-4F68-A4FC-70E927028DB5}.Release|Any CPU.ActiveCfg = Release|Any CPU
		{E6204B55-08E4-4F68-A4FC-70E927028DB5}.Release|Any CPU.Build.0 = Release|Any CPU
		{E6204B55-08E4-4F68-A4FC-70E927028DB5}.Testing|Any CPU.ActiveCfg = Testing|Any CPU
		{E6204B55-08E4-4F68-A4FC-70E927028DB5}.Testing|Any CPU.Build.0 = Testing|Any CPU
		{92E3057E-22F4-4D07-933A-458F076D9093}.Local|Any CPU.ActiveCfg = Local|Any CPU
		{92E3057E-22F4-4D07-933A-458F076D9093}.Local|Any CPU.Build.0 = Local|Any CPU
		{92E3057E-22F4-4D07-933A-458F076D9093}.Debug|Any CPU.ActiveCfg = Debug|Any CPU
		{92E3057E-22F4-4D07-933A-458F076D9093}.Debug|Any CPU.Build.0 = Debug|Any CPU
		{92E3057E-22F4-4D07-933A-458F076D9093}.Staging|Any CPU.ActiveCfg = Staging|Any CPU
		{92E3057E-22F4-4D07-933A-458F076D9093}.Staging|Any CPU.Build.0 = Staging|Any CPU
		{92E3057E-22F4-4D07-933A-458F076D9093}.Release|Any CPU.ActiveCfg = Release|Any CPU
		{92E3057E-22F4-4D07-933A-458F076D9093}.Release|Any CPU.Build.0 = Release|Any CPU
		{92E3057E-22F4-4D07-933A-458F076D9093}.Testing|Any CPU.ActiveCfg = Testing|Any CPU
		{92E3057E-22F4-4D07-933A-458F076D9093}.Testing|Any CPU.Build.0 = Testing|Any CPU
		{1F47F7DF-BC90-4735-98A4-58866909E00E}.Local|Any CPU.ActiveCfg = Local|Any CPU
		{1F47F7DF-BC90-4735-98A4-58866909E00E}.Local|Any CPU.Build.0 = Local|Any CPU
		{1F47F7DF-BC90-4735-98A4-58866909E00E}.Debug|Any CPU.ActiveCfg = Debug|Any CPU
		{1F47F7DF-BC90-4735-98A4-58866909E00E}.Debug|Any CPU.Build.0 = Debug|Any CPU
		{1F47F7DF-BC90-4735-98A4-58866909E00E}.Staging|Any CPU.ActiveCfg = Staging|Any CPU
		{1F47F7DF-BC90-4735-98A4-58866909E00E}.Staging|Any CPU.Build.0 = Staging|Any CPU
		{1F47F7DF-BC90-4735-98A4-58866909E00E}.Release|Any CPU.ActiveCfg = Release|Any CPU
		{1F47F7DF-BC90-4735-98A4-58866909E00E}.Release|Any CPU.Build.0 = Release|Any CPU
		{1F47F7DF-BC90-4735-98A4-58866909E00E}.Testing|Any CPU.ActiveCfg = Testing|Any CPU
		{1F47F7DF-BC90-4735-98A4-58866909E00E}.Testing|Any CPU.Build.0 = Testing|Any CPU
		{9AD230FE-FB1A-426D-AB7D-1D1C4A1F99DC}.Local|Any CPU.ActiveCfg = Local|Any CPU
		{9AD230FE-FB1A-426D-AB7D-1D1C4A1F99DC}.Local|Any CPU.Build.0 = Local|Any CPU
		{9AD230FE-FB1A-426D-AB7D-1D1C4A1F99DC}.Debug|Any CPU.ActiveCfg = Debug|Any CPU
		{9AD230FE-FB1A-426D-AB7D-1D1C4A1F99DC}.Debug|Any CPU.Build.0 = Debug|Any CPU
		{9AD230FE-FB1A-426D-AB7D-1D1C4A1F99DC}.Staging|Any CPU.ActiveCfg = Staging|Any CPU
		{9AD230FE-FB1A-426D-AB7D-1D1C4A1F99DC}.Staging|Any CPU.Build.0 = Staging|Any CPU
		{9AD230FE-FB1A-426D-AB7D-1D1C4A1F99DC}.Release|Any CPU.ActiveCfg = Release|Any CPU
		{9AD230FE-FB1A-426D-AB7D-1D1C4A1F99DC}.Release|Any CPU.Build.0 = Release|Any CPU
		{9AD230FE-FB1A-426D-AB7D-1D1C4A1F99DC}.Testing|Any CPU.ActiveCfg = Testing|Any CPU
		{9AD230FE-FB1A-426D-AB7D-1D1C4A1F99DC}.Testing|Any CPU.Build.0 = Testing|Any CPU
		{EE29B754-9532-4AF9-BA12-EB346C9F8974}.Local|Any CPU.ActiveCfg = Local|Any CPU
		{EE29B754-9532-4AF9-BA12-EB346C9F8974}.Local|Any CPU.Build.0 = Local|Any CPU
		{EE29B754-9532-4AF9-BA12-EB346C9F8974}.Debug|Any CPU.ActiveCfg = Debug|Any CPU
		{EE29B754-9532-4AF9-BA12-EB346C9F8974}.Debug|Any CPU.Build.0 = Debug|Any CPU
		{EE29B754-9532-4AF9-BA12-EB346C9F8974}.Staging|Any CPU.ActiveCfg = Staging|Any CPU
		{EE29B754-9532-4AF9-BA12-EB346C9F8974}.Staging|Any CPU.Build.0 = Staging|Any CPU
		{EE29B754-9532-4AF9-BA12-EB346C9F8974}.Release|Any CPU.ActiveCfg = Release|Any CPU
		{EE29B754-9532-4AF9-BA12-EB346C9F8974}.Release|Any CPU.Build.0 = Release|Any CPU
		{EE29B754-9532-4AF9-BA12-EB346C9F8974}.Testing|Any CPU.ActiveCfg = Testing|Any CPU
		{EE29B754-9532-4AF9-BA12-EB346C9F8974}.Testing|Any CPU.Build.0 = Testing|Any CPU
	EndGlobalSection
	GlobalSection(SolutionProperties) = preSolution
		HideSolutionNode = FALSE
	EndGlobalSection
	GlobalSection(NestedProjects) = preSolution
		{F1A4E926-E5C6-4AB9-B64C-B0A6C333EA56} = {53C6BDAA-06B6-4299-892F-360A7B2CA757}
		{9703C406-AA41-4069-BEB6-FAE9B3677894} = {53C6BDAA-06B6-4299-892F-360A7B2CA757}
		{792DD5C4-B436-4D1A-846C-6846E1908C62} = {53C6BDAA-06B6-4299-892F-360A7B2CA757}
		{B9D31F32-3836-49F3-B732-12BFE1A9C661} = {53C6BDAA-06B6-4299-892F-360A7B2CA757}
		{E6204B55-08E4-4F68-A4FC-70E927028DB5} = {53C6BDAA-06B6-4299-892F-360A7B2CA757}
		{92E3057E-22F4-4D07-933A-458F076D9093} = {53C6BDAA-06B6-4299-892F-360A7B2CA757}
		{9AD230FE-FB1A-426D-AB7D-1D1C4A1F99DC} = {53C6BDAA-06B6-4299-892F-360A7B2CA757}
		{EE29B754-9532-4AF9-BA12-EB346C9F8974} = {53C6BDAA-06B6-4299-892F-360A7B2CA757}
		{AD55836D-5AEC-4637-AF13-A6E539245EFC} = {1C222842-EB2E-4234-AF3E-5EFF02AF4E44}
		{E8C46D79-4224-4D4F-919A-B16CC138F87F} = {1C222842-EB2E-4234-AF3E-5EFF02AF4E44}
		{0756B637-4425-42D2-BE4E-0C6D857E4557} = {1C222842-EB2E-4234-AF3E-5EFF02AF4E44}
		{1F47F7DF-BC90-4735-98A4-58866909E00E} = {D30DE6A4-73CE-4962-8128-83F9596BBBFD}
	EndGlobalSection
	GlobalSection(ExtensibilityGlobals) = postSolution
		SolutionGuid = {B0EC62D3-F6FC-45E0-A000-7309BFFD9632}
	EndGlobalSection
EndGlobal
