Microsoft Visual Studio Solution File, Format Version 12.00
Project("{9A19103F-16F7-4668-BE54-9A1E7A4F7556}") = "JustinWritesCode.Payloads", "JustinWritesCode.Payloads.csproj", "{BFF4F591-1EF8-4F82-AAE6-67BAE8B69D2D}"
EndProject
Project("{2150E333-8FDC-42A3-9474-1A3956D46DE8}") = "src", "src", "{71325CC8-6B5A-406E-BA35-D3A6F272770B}"
EndProject
Global
	GlobalSection(SolutionConfigurationPlatforms) = preSolution
		Local|Any CPU = Local|Any CPU
		Debug|Any CPU = Debug|Any CPU
		Staging|Any CPU = Staging|Any CPU
		Release|Any CPU = Release|Any CPU
		Testing|Any CPU = Testing|Any CPU
	EndGlobalSection
	GlobalSection(ProjectConfigurationPlatforms) = postSolution
		{BFF4F591-1EF8-4F82-AAE6-67BAE8B69D2D}.Local|Any CPU.ActiveCfg = Local|Any CPU
		{BFF4F591-1EF8-4F82-AAE6-67BAE8B69D2D}.Local|Any CPU.Build.0 = Local|Any CPU
		{BFF4F591-1EF8-4F82-AAE6-67BAE8B69D2D}.Debug|Any CPU.ActiveCfg = Debug|Any CPU
		{BFF4F591-1EF8-4F82-AAE6-67BAE8B69D2D}.Debug|Any CPU.Build.0 = Debug|Any CPU
		{BFF4F591-1EF8-4F82-AAE6-67BAE8B69D2D}.Staging|Any CPU.ActiveCfg = Staging|Any CPU
		{BFF4F591-1EF8-4F82-AAE6-67BAE8B69D2D}.Staging|Any CPU.Build.0 = Staging|Any CPU
		{BFF4F591-1EF8-4F82-AAE6-67BAE8B69D2D}.Release|Any CPU.ActiveCfg = Release|Any CPU
		{BFF4F591-1EF8-4F82-AAE6-67BAE8B69D2D}.Release|Any CPU.Build.0 = Release|Any CPU
		{BFF4F591-1EF8-4F82-AAE6-67BAE8B69D2D}.Testing|Any CPU.ActiveCfg = Testing|Any CPU
		{BFF4F591-1EF8-4F82-AAE6-67BAE8B69D2D}.Testing|Any CPU.Build.0 = Testing|Any CPU
	EndGlobalSection
	GlobalSection(SolutionProperties) = preSolution
		HideSolutionNode = FALSE
	EndGlobalSection
	GlobalSection(NestedProjects) = preSolution
		{BFF4F591-1EF8-4F82-AAE6-67BAE8B69D2D} = {71325CC8-6B5A-406E-BA35-D3A6F272770B}
	EndGlobalSection
	GlobalSection(ExtensibilityGlobals) = postSolution
		SolutionGuid = {4558A928-1E05-4A6E-8176-49D6288803A6}
	EndGlobalSection
EndGlobal
