Microsoft Visual Studio Solution File, Format Version 12.00
Project("{9A19103F-16F7-4668-BE54-9A1E7A4F7556}") = "JustinWritesCode.Enumerations.CodeGeneration", "CodeGeneration\JustinWritesCode.Enumerations.CodeGeneration.csproj", "{95EC21B4-B255-4B49-A2FD-7F5D1E61C78C}"
EndProject
Project("{9A19103F-16F7-4668-BE54-9A1E7A4F7556}") = "JustinWritesCode.Enumerations.Abstractions", "Enumeration\Abstractions\JustinWritesCode.Enumerations.Abstractions.csproj", "{10AB4252-336F-4262-8BF7-7A5E8061C2F9}"
EndProject
Project("{9A19103F-16F7-4668-BE54-9A1E7A4F7556}") = "JustinWritesCode.Enumerations.Enumeration", "Enumeration\JustinWritesCode.Enumerations.Enumeration.csproj", "{8490AE31-8651-4C1C-BB53-B1BD0BDCDC17}"
EndProject
Project("{9A19103F-16F7-4668-BE54-9A1E7A4F7556}") = "JustinWritesCode.Enumerations.EnumsTests", "EnumerationsTests\JustinWritesCode.Enumerations.EnumsTests.csproj", "{7A2B2BAB-875D-4448-96BB-A2E4BBE4F5A3}"
EndProject
Project("{2150E333-8FDC-42A3-9474-1A3956D46DE8}") = "Enumerations", "Enumerations", "{DB5F48E3-B634-4A4F-8D91-A443E2D79FD6}"
EndProject
Project("{2150E333-8FDC-42A3-9474-1A3956D46DE8}") = "tests", "tests", "{8DADFD8D-C784-4D99-8949-C0575F6BD830}"
EndProject
Global
	GlobalSection(SolutionConfigurationPlatforms) = preSolution
		Local|Any CPU = Local|Any CPU
		Debug|Any CPU = Debug|Any CPU
		Staging|Any CPU = Staging|Any CPU
		Release|Any CPU = Release|Any CPU
		Testing|Any CPU = Testing|Any CPU
	EndGlobalSection
	GlobalSection(ProjectConfigurationPlatforms) = postSolution
		{95EC21B4-B255-4B49-A2FD-7F5D1E61C78C}.Local|Any CPU.ActiveCfg = Local|Any CPU
		{95EC21B4-B255-4B49-A2FD-7F5D1E61C78C}.Local|Any CPU.Build.0 = Local|Any CPU
		{95EC21B4-B255-4B49-A2FD-7F5D1E61C78C}.Debug|Any CPU.ActiveCfg = Debug|Any CPU
		{95EC21B4-B255-4B49-A2FD-7F5D1E61C78C}.Debug|Any CPU.Build.0 = Debug|Any CPU
		{95EC21B4-B255-4B49-A2FD-7F5D1E61C78C}.Staging|Any CPU.ActiveCfg = Staging|Any CPU
		{95EC21B4-B255-4B49-A2FD-7F5D1E61C78C}.Staging|Any CPU.Build.0 = Staging|Any CPU
		{95EC21B4-B255-4B49-A2FD-7F5D1E61C78C}.Release|Any CPU.ActiveCfg = Release|Any CPU
		{95EC21B4-B255-4B49-A2FD-7F5D1E61C78C}.Release|Any CPU.Build.0 = Release|Any CPU
		{95EC21B4-B255-4B49-A2FD-7F5D1E61C78C}.Testing|Any CPU.ActiveCfg = Testing|Any CPU
		{95EC21B4-B255-4B49-A2FD-7F5D1E61C78C}.Testing|Any CPU.Build.0 = Testing|Any CPU
		{10AB4252-336F-4262-8BF7-7A5E8061C2F9}.Local|Any CPU.ActiveCfg = Local|Any CPU
		{10AB4252-336F-4262-8BF7-7A5E8061C2F9}.Local|Any CPU.Build.0 = Local|Any CPU
		{10AB4252-336F-4262-8BF7-7A5E8061C2F9}.Debug|Any CPU.ActiveCfg = Debug|Any CPU
		{10AB4252-336F-4262-8BF7-7A5E8061C2F9}.Debug|Any CPU.Build.0 = Debug|Any CPU
		{10AB4252-336F-4262-8BF7-7A5E8061C2F9}.Staging|Any CPU.ActiveCfg = Staging|Any CPU
		{10AB4252-336F-4262-8BF7-7A5E8061C2F9}.Staging|Any CPU.Build.0 = Staging|Any CPU
		{10AB4252-336F-4262-8BF7-7A5E8061C2F9}.Release|Any CPU.ActiveCfg = Release|Any CPU
		{10AB4252-336F-4262-8BF7-7A5E8061C2F9}.Release|Any CPU.Build.0 = Release|Any CPU
		{10AB4252-336F-4262-8BF7-7A5E8061C2F9}.Testing|Any CPU.ActiveCfg = Testing|Any CPU
		{10AB4252-336F-4262-8BF7-7A5E8061C2F9}.Testing|Any CPU.Build.0 = Testing|Any CPU
		{8490AE31-8651-4C1C-BB53-B1BD0BDCDC17}.Local|Any CPU.ActiveCfg = Local|Any CPU
		{8490AE31-8651-4C1C-BB53-B1BD0BDCDC17}.Local|Any CPU.Build.0 = Local|Any CPU
		{8490AE31-8651-4C1C-BB53-B1BD0BDCDC17}.Debug|Any CPU.ActiveCfg = Debug|Any CPU
		{8490AE31-8651-4C1C-BB53-B1BD0BDCDC17}.Debug|Any CPU.Build.0 = Debug|Any CPU
		{8490AE31-8651-4C1C-BB53-B1BD0BDCDC17}.Staging|Any CPU.ActiveCfg = Staging|Any CPU
		{8490AE31-8651-4C1C-BB53-B1BD0BDCDC17}.Staging|Any CPU.Build.0 = Staging|Any CPU
		{8490AE31-8651-4C1C-BB53-B1BD0BDCDC17}.Release|Any CPU.ActiveCfg = Release|Any CPU
		{8490AE31-8651-4C1C-BB53-B1BD0BDCDC17}.Release|Any CPU.Build.0 = Release|Any CPU
		{8490AE31-8651-4C1C-BB53-B1BD0BDCDC17}.Testing|Any CPU.ActiveCfg = Testing|Any CPU
		{8490AE31-8651-4C1C-BB53-B1BD0BDCDC17}.Testing|Any CPU.Build.0 = Testing|Any CPU
		{7A2B2BAB-875D-4448-96BB-A2E4BBE4F5A3}.Local|Any CPU.ActiveCfg = Local|Any CPU
		{7A2B2BAB-875D-4448-96BB-A2E4BBE4F5A3}.Local|Any CPU.Build.0 = Local|Any CPU
		{7A2B2BAB-875D-4448-96BB-A2E4BBE4F5A3}.Debug|Any CPU.ActiveCfg = Debug|Any CPU
		{7A2B2BAB-875D-4448-96BB-A2E4BBE4F5A3}.Debug|Any CPU.Build.0 = Debug|Any CPU
		{7A2B2BAB-875D-4448-96BB-A2E4BBE4F5A3}.Staging|Any CPU.ActiveCfg = Staging|Any CPU
		{7A2B2BAB-875D-4448-96BB-A2E4BBE4F5A3}.Staging|Any CPU.Build.0 = Staging|Any CPU
		{7A2B2BAB-875D-4448-96BB-A2E4BBE4F5A3}.Release|Any CPU.ActiveCfg = Release|Any CPU
		{7A2B2BAB-875D-4448-96BB-A2E4BBE4F5A3}.Release|Any CPU.Build.0 = Release|Any CPU
		{7A2B2BAB-875D-4448-96BB-A2E4BBE4F5A3}.Testing|Any CPU.ActiveCfg = Testing|Any CPU
		{7A2B2BAB-875D-4448-96BB-A2E4BBE4F5A3}.Testing|Any CPU.Build.0 = Testing|Any CPU
	EndGlobalSection
	GlobalSection(SolutionProperties) = preSolution
		HideSolutionNode = FALSE
	EndGlobalSection
	GlobalSection(NestedProjects) = preSolution
		{95EC21B4-B255-4B49-A2FD-7F5D1E61C78C} = {DB5F48E3-B634-4A4F-8D91-A443E2D79FD6}
		{10AB4252-336F-4262-8BF7-7A5E8061C2F9} = {DB5F48E3-B634-4A4F-8D91-A443E2D79FD6}
		{8490AE31-8651-4C1C-BB53-B1BD0BDCDC17} = {DB5F48E3-B634-4A4F-8D91-A443E2D79FD6}
		{7A2B2BAB-875D-4448-96BB-A2E4BBE4F5A3} = {8DADFD8D-C784-4D99-8949-C0575F6BD830}
	EndGlobalSection
	GlobalSection(ExtensibilityGlobals) = postSolution
		SolutionGuid = {CD757950-74B0-441B-B05C-08115E531A7C}
	EndGlobalSection
EndGlobal
