Microsoft Visual Studio Solution File, Format Version 12.00
Project("{9A19103F-16F7-4668-BE54-9A1E7A4F7556}") = "System.Net.Mime.MediaTypeNames.netstandard2.0Patch", "System.Net.Mime.MediaTypeNames.netstandard2.0Patch.csproj", "{45306C1B-F7C4-41A2-8C9E-968BC4115442}"
EndProject
Global
    GlobalSection(SolutionConfigurationPlatforms) = preSolution
        Local|Any CPU = Local|Any CPU
        Debug|Any CPU = Debug|Any CPU
        Staging|Any CPU = Staging|Any CPU
        Release|Any CPU = Release|Any CPU
        Testing|Any CPU = Testing|Any CPU
    EndGlobalSection
    GlobalSection(ProjectConfigurationPlatforms) = postSolution
        {45306C1B-F7C4-41A2-8C9E-968BC4115442}.Local|Any CPU.ActiveCfg = Local|Any CPU
        {45306C1B-F7C4-41A2-8C9E-968BC4115442}.Local|Any CPU.Build.0 = Local|Any CPU
        {45306C1B-F7C4-41A2-8C9E-968BC4115442}.Debug|Any CPU.ActiveCfg = Debug|Any CPU
        {45306C1B-F7C4-41A2-8C9E-968BC4115442}.Debug|Any CPU.Build.0 = Debug|Any CPU
        {45306C1B-F7C4-41A2-8C9E-968BC4115442}.Staging|Any CPU.ActiveCfg = Staging|Any CPU
        {45306C1B-F7C4-41A2-8C9E-968BC4115442}.Staging|Any CPU.Build.0 = Staging|Any CPU
        {45306C1B-F7C4-41A2-8C9E-968BC4115442}.Release|Any CPU.ActiveCfg = Release|Any CPU
        {45306C1B-F7C4-41A2-8C9E-968BC4115442}.Release|Any CPU.Build.0 = Release|Any CPU
        {45306C1B-F7C4-41A2-8C9E-968BC4115442}.Testing|Any CPU.ActiveCfg = Testing|Any CPU
        {45306C1B-F7C4-41A2-8C9E-968BC4115442}.Testing|Any CPU.Build.0 = Testing|Any CPU
    EndGlobalSection
    GlobalSection(SolutionProperties) = preSolution
        HideSolutionNode = FALSE
    EndGlobalSection
    GlobalSection(ExtensibilityGlobals) = postSolution
        SolutionGuid = {21103EE1-740B-41B0-9CC7-5C3B64F87B79}
    EndGlobalSection
EndGlobal
