Microsoft Visual Studio Solution File, Format Version 12.00
Project("{9A19103F-16F7-4668-BE54-9A1E7A4F7556}") = "JustinWritesCode.InterfaceGenerator", "JustinWritesCode.InterfaceGenerator.csproj", "{795C9D9B-1D78-44E8-BD96-D8486B2DA14E}"
EndProject
Project("{2150E333-8FDC-42A3-9474-1A3956D46DE8}") = "src", "src", "{B6FCC15C-CB6C-4259-B70F-B8027524C2E9}"
EndProject
Global
	GlobalSection(SolutionConfigurationPlatforms) = preSolution
		Local|Any CPU = Local|Any CPU
		Debug|Any CPU = Debug|Any CPU
		Staging|Any CPU = Staging|Any CPU
		Release|Any CPU = Release|Any CPU
		Testing|Any CPU = Testing|Any CPU
	EndGlobalSection
	GlobalSection(ProjectConfigurationPlatforms) = postSolution
		{795C9D9B-1D78-44E8-BD96-D8486B2DA14E}.Local|Any CPU.ActiveCfg = Local|Any CPU
		{795C9D9B-1D78-44E8-BD96-D8486B2DA14E}.Local|Any CPU.Build.0 = Local|Any CPU
		{795C9D9B-1D78-44E8-BD96-D8486B2DA14E}.Debug|Any CPU.ActiveCfg = Debug|Any CPU
		{795C9D9B-1D78-44E8-BD96-D8486B2DA14E}.Debug|Any CPU.Build.0 = Debug|Any CPU
		{795C9D9B-1D78-44E8-BD96-D8486B2DA14E}.Staging|Any CPU.ActiveCfg = Staging|Any CPU
		{795C9D9B-1D78-44E8-BD96-D8486B2DA14E}.Staging|Any CPU.Build.0 = Staging|Any CPU
		{795C9D9B-1D78-44E8-BD96-D8486B2DA14E}.Release|Any CPU.ActiveCfg = Release|Any CPU
		{795C9D9B-1D78-44E8-BD96-D8486B2DA14E}.Release|Any CPU.Build.0 = Release|Any CPU
		{795C9D9B-1D78-44E8-BD96-D8486B2DA14E}.Testing|Any CPU.ActiveCfg = Testing|Any CPU
		{795C9D9B-1D78-44E8-BD96-D8486B2DA14E}.Testing|Any CPU.Build.0 = Testing|Any CPU
	EndGlobalSection
	GlobalSection(SolutionProperties) = preSolution
		HideSolutionNode = FALSE
	EndGlobalSection
	GlobalSection(NestedProjects) = preSolution
		{795C9D9B-1D78-44E8-BD96-D8486B2DA14E} = {B6FCC15C-CB6C-4259-B70F-B8027524C2E9}
	EndGlobalSection
	GlobalSection(ExtensibilityGlobals) = postSolution
		SolutionGuid = {C6F07013-C251-47AE-9493-E6A208269AA7}
	EndGlobalSection
EndGlobal
