Microsoft Visual Studio Solution File, Format Version 12.00
Project("{9A19103F-16F7-4668-BE54-9A1E7A4F7556}") = "JustinWritesCode.Enums", "JustinWritesCode.Enums.csproj", "{93F9BF1E-0A3F-4CBF-974D-AD89626C84DC}"
EndProject
Project("{9A19103F-16F7-4668-BE54-9A1E7A4F7556}") = "JustinWritesCode.Enumerations.CodeGeneration", "..\CodeGeneration\JustinWritesCode.Enumerations.CodeGeneration.csproj", "{EB29119F-4F99-4325-AD77-F68954D327C5}"
EndProject
Project("{2150E333-8FDC-42A3-9474-1A3956D46DE8}") = "Enumerations", "Enumerations", "{347751D6-61B5-44AB-ABB8-258E8BF2BA91}"
EndProject
Global
	GlobalSection(SolutionConfigurationPlatforms) = preSolution
		Local|Any CPU = Local|Any CPU
		Debug|Any CPU = Debug|Any CPU
		Staging|Any CPU = Staging|Any CPU
		Release|Any CPU = Release|Any CPU
		Testing|Any CPU = Testing|Any CPU
	EndGlobalSection
	GlobalSection(ProjectConfigurationPlatforms) = postSolution
		{93F9BF1E-0A3F-4CBF-974D-AD89626C84DC}.Local|Any CPU.ActiveCfg = Local|Any CPU
		{93F9BF1E-0A3F-4CBF-974D-AD89626C84DC}.Local|Any CPU.Build.0 = Local|Any CPU
		{93F9BF1E-0A3F-4CBF-974D-AD89626C84DC}.Debug|Any CPU.ActiveCfg = Debug|Any CPU
		{93F9BF1E-0A3F-4CBF-974D-AD89626C84DC}.Debug|Any CPU.Build.0 = Debug|Any CPU
		{93F9BF1E-0A3F-4CBF-974D-AD89626C84DC}.Staging|Any CPU.ActiveCfg = Staging|Any CPU
		{93F9BF1E-0A3F-4CBF-974D-AD89626C84DC}.Staging|Any CPU.Build.0 = Staging|Any CPU
		{93F9BF1E-0A3F-4CBF-974D-AD89626C84DC}.Release|Any CPU.ActiveCfg = Release|Any CPU
		{93F9BF1E-0A3F-4CBF-974D-AD89626C84DC}.Release|Any CPU.Build.0 = Release|Any CPU
		{93F9BF1E-0A3F-4CBF-974D-AD89626C84DC}.Testing|Any CPU.ActiveCfg = Testing|Any CPU
		{93F9BF1E-0A3F-4CBF-974D-AD89626C84DC}.Testing|Any CPU.Build.0 = Testing|Any CPU
		{EB29119F-4F99-4325-AD77-F68954D327C5}.Local|Any CPU.ActiveCfg = Local|Any CPU
		{EB29119F-4F99-4325-AD77-F68954D327C5}.Local|Any CPU.Build.0 = Local|Any CPU
		{EB29119F-4F99-4325-AD77-F68954D327C5}.Debug|Any CPU.ActiveCfg = Debug|Any CPU
		{EB29119F-4F99-4325-AD77-F68954D327C5}.Debug|Any CPU.Build.0 = Debug|Any CPU
		{EB29119F-4F99-4325-AD77-F68954D327C5}.Staging|Any CPU.ActiveCfg = Staging|Any CPU
		{EB29119F-4F99-4325-AD77-F68954D327C5}.Staging|Any CPU.Build.0 = Staging|Any CPU
		{EB29119F-4F99-4325-AD77-F68954D327C5}.Release|Any CPU.ActiveCfg = Release|Any CPU
		{EB29119F-4F99-4325-AD77-F68954D327C5}.Release|Any CPU.Build.0 = Release|Any CPU
		{EB29119F-4F99-4325-AD77-F68954D327C5}.Testing|Any CPU.ActiveCfg = Testing|Any CPU
		{EB29119F-4F99-4325-AD77-F68954D327C5}.Testing|Any CPU.Build.0 = Testing|Any CPU
	EndGlobalSection
	GlobalSection(SolutionProperties) = preSolution
		HideSolutionNode = FALSE
	EndGlobalSection
	GlobalSection(NestedProjects) = preSolution
		{93F9BF1E-0A3F-4CBF-974D-AD89626C84DC} = {347751D6-61B5-44AB-ABB8-258E8BF2BA91}
		{EB29119F-4F99-4325-AD77-F68954D327C5} = {347751D6-61B5-44AB-ABB8-258E8BF2BA91}
	EndGlobalSection
	GlobalSection(ExtensibilityGlobals) = postSolution
		SolutionGuid = {857CF40D-CEA6-4B15-930F-B00040D25830}
	EndGlobalSection
EndGlobal
