Microsoft Visual Studio Solution File, Format Version 12.00
Project("{9A19103F-16F7-4668-BE54-9A1E7A4F7556}") = "JustinWritesCode.Tuples", "JustinWritesCode.Tuples.csproj", "{FFC54124-AABD-4B88-B822-528D17927BF3}"
EndProject
Project("{9A19103F-16F7-4668-BE54-9A1E7A4F7556}") = "JustinWritesCode.System.Extensions", "..\..\Extensions\JustinWritesCode.System.Extensions.csproj", "{36FB4A9F-AE39-4D3E-A516-E5763B023F9E}"
EndProject
Project("{2150E333-8FDC-42A3-9474-1A3956D46DE8}") = "src", "src", "{85A5F1F1-84CD-4895-A55C-87C2B1318301}"
EndProject
Global
	GlobalSection(SolutionConfigurationPlatforms) = preSolution
		Local|Any CPU = Local|Any CPU
		Debug|Any CPU = Debug|Any CPU
		Staging|Any CPU = Staging|Any CPU
		Release|Any CPU = Release|Any CPU
		Testing|Any CPU = Testing|Any CPU
	EndGlobalSection
	GlobalSection(ProjectConfigurationPlatforms) = postSolution
		{FFC54124-AABD-4B88-B822-528D17927BF3}.Local|Any CPU.ActiveCfg = Local|Any CPU
		{FFC54124-AABD-4B88-B822-528D17927BF3}.Local|Any CPU.Build.0 = Local|Any CPU
		{FFC54124-AABD-4B88-B822-528D17927BF3}.Debug|Any CPU.ActiveCfg = Debug|Any CPU
		{FFC54124-AABD-4B88-B822-528D17927BF3}.Debug|Any CPU.Build.0 = Debug|Any CPU
		{FFC54124-AABD-4B88-B822-528D17927BF3}.Staging|Any CPU.ActiveCfg = Staging|Any CPU
		{FFC54124-AABD-4B88-B822-528D17927BF3}.Staging|Any CPU.Build.0 = Staging|Any CPU
		{FFC54124-AABD-4B88-B822-528D17927BF3}.Release|Any CPU.ActiveCfg = Release|Any CPU
		{FFC54124-AABD-4B88-B822-528D17927BF3}.Release|Any CPU.Build.0 = Release|Any CPU
		{FFC54124-AABD-4B88-B822-528D17927BF3}.Testing|Any CPU.ActiveCfg = Testing|Any CPU
		{FFC54124-AABD-4B88-B822-528D17927BF3}.Testing|Any CPU.Build.0 = Testing|Any CPU
		{36FB4A9F-AE39-4D3E-A516-E5763B023F9E}.Local|Any CPU.ActiveCfg = Local|Any CPU
		{36FB4A9F-AE39-4D3E-A516-E5763B023F9E}.Local|Any CPU.Build.0 = Local|Any CPU
		{36FB4A9F-AE39-4D3E-A516-E5763B023F9E}.Debug|Any CPU.ActiveCfg = Debug|Any CPU
		{36FB4A9F-AE39-4D3E-A516-E5763B023F9E}.Debug|Any CPU.Build.0 = Debug|Any CPU
		{36FB4A9F-AE39-4D3E-A516-E5763B023F9E}.Staging|Any CPU.ActiveCfg = Staging|Any CPU
		{36FB4A9F-AE39-4D3E-A516-E5763B023F9E}.Staging|Any CPU.Build.0 = Staging|Any CPU
		{36FB4A9F-AE39-4D3E-A516-E5763B023F9E}.Release|Any CPU.ActiveCfg = Release|Any CPU
		{36FB4A9F-AE39-4D3E-A516-E5763B023F9E}.Release|Any CPU.Build.0 = Release|Any CPU
		{36FB4A9F-AE39-4D3E-A516-E5763B023F9E}.Testing|Any CPU.ActiveCfg = Testing|Any CPU
		{36FB4A9F-AE39-4D3E-A516-E5763B023F9E}.Testing|Any CPU.Build.0 = Testing|Any CPU
	EndGlobalSection
	GlobalSection(SolutionProperties) = preSolution
		HideSolutionNode = FALSE
	EndGlobalSection
	GlobalSection(NestedProjects) = preSolution
		{FFC54124-AABD-4B88-B822-528D17927BF3} = {85A5F1F1-84CD-4895-A55C-87C2B1318301}
		{36FB4A9F-AE39-4D3E-A516-E5763B023F9E} = {85A5F1F1-84CD-4895-A55C-87C2B1318301}
	EndGlobalSection
	GlobalSection(ExtensibilityGlobals) = postSolution
		SolutionGuid = {EB9233A9-43B5-491A-98A4-3B43AAB95C69}
	EndGlobalSection
EndGlobal
