Microsoft Visual Studio Solution File, Format Version 12.00
Project("{9A19103F-16F7-4668-BE54-9A1E7A4F7556}") = "System.Net.Mime.MediaTypeNames", "System.Net.Mime.MediaTypeNames.csproj", "{46A050E6-2AE0-4A12-90B2-01ADFA3A4453}"
EndProject
Project("{2150E333-8FDC-42A3-9474-1A3956D46DE8}") = "src", "src", "{980AC6B6-A3D4-4B6B-96E9-E5F4E9D2C6AB}"
EndProject
Global
    GlobalSection(SolutionConfigurationPlatforms) = preSolution
        Local|Any CPU = Local|Any CPU
        Debug|Any CPU = Debug|Any CPU
        Staging|Any CPU = Staging|Any CPU
        Release|Any CPU = Release|Any CPU
        Testing|Any CPU = Testing|Any CPU
    EndGlobalSection
    GlobalSection(ProjectConfigurationPlatforms) = postSolution
        {46A050E6-2AE0-4A12-90B2-01ADFA3A4453}.Local|Any CPU.ActiveCfg = Local|Any CPU
        {46A050E6-2AE0-4A12-90B2-01ADFA3A4453}.Local|Any CPU.Build.0 = Local|Any CPU
        {46A050E6-2AE0-4A12-90B2-01ADFA3A4453}.Debug|Any CPU.ActiveCfg = Debug|Any CPU
        {46A050E6-2AE0-4A12-90B2-01ADFA3A4453}.Debug|Any CPU.Build.0 = Debug|Any CPU
        {46A050E6-2AE0-4A12-90B2-01ADFA3A4453}.Staging|Any CPU.ActiveCfg = Staging|Any CPU
        {46A050E6-2AE0-4A12-90B2-01ADFA3A4453}.Staging|Any CPU.Build.0 = Staging|Any CPU
        {46A050E6-2AE0-4A12-90B2-01ADFA3A4453}.Release|Any CPU.ActiveCfg = Release|Any CPU
        {46A050E6-2AE0-4A12-90B2-01ADFA3A4453}.Release|Any CPU.Build.0 = Release|Any CPU
        {46A050E6-2AE0-4A12-90B2-01ADFA3A4453}.Testing|Any CPU.ActiveCfg = Testing|Any CPU
        {46A050E6-2AE0-4A12-90B2-01ADFA3A4453}.Testing|Any CPU.Build.0 = Testing|Any CPU
    EndGlobalSection
    GlobalSection(SolutionProperties) = preSolution
        HideSolutionNode = FALSE
    EndGlobalSection
    GlobalSection(NestedProjects) = preSolution
        {46A050E6-2AE0-4A12-90B2-01ADFA3A4453} = {980AC6B6-A3D4-4B6B-96E9-E5F4E9D2C6AB}
    EndGlobalSection
    GlobalSection(ExtensibilityGlobals) = postSolution
        SolutionGuid = {24281454-3C9B-40A3-9B70-35387D865CD6}
    EndGlobalSection
EndGlobal
