Microsoft Visual Studio Solution File, Format Version 12.00
Project("{9A19103F-16F7-4668-BE54-9A1E7A4F7556}") = "JustinWritesCode.Types.Core", "JustinWritesCode.Types.Core.csproj", "{C2FF4304-7CF2-42D7-B16E-6B1A3CEF811B}"
EndProject
Project("{9A19103F-16F7-4668-BE54-9A1E7A4F7556}") = "JustinWritesCode.Abstractions", "Abstractions\JustinWritesCode.Abstractions.csproj", "{68C3AF93-9B4D-47EF-913A-C4EE2ED9B11F}"
EndProject
Project("{9A19103F-16F7-4668-BE54-9A1E7A4F7556}") = "JustinWritesCode.ComponentModel", "ComponentModel\JustinWritesCode.ComponentModel.csproj", "{662141EE-7F34-4D7D-B4EA-F202ADFCC9A7}"
EndProject
Project("{9A19103F-16F7-4668-BE54-9A1E7A4F7556}") = "JustinWritesCode.Tuples", "Tuples\JustinWritesCode.Tuples.csproj", "{F8A23C27-63C4-4CE5-A646-A47533F879EB}"
EndProject
Project("{9A19103F-16F7-4668-BE54-9A1E7A4F7556}") = "JustinWritesCode.Primitives", "..\Primitives\JustinWritesCode.Primitives.csproj", "{43453B36-2DD1-439A-8DF2-A548F07F2CE4}"
EndProject
Project("{2150E333-8FDC-42A3-9474-1A3956D46DE8}") = "Core", "Core", "{AB571DCB-D776-4A68-A781-9BB165BE577B}"
EndProject
Project("{2150E333-8FDC-42A3-9474-1A3956D46DE8}") = "src", "src", "{EF718061-29C2-4020-A755-419CA4185F6E}"
EndProject
Project("{2150E333-8FDC-42A3-9474-1A3956D46DE8}") = "Domain", "Domain", "{41504A13-C8F7-4CD1-B8D3-92A57645DC52}"
EndProject
Global
	GlobalSection(SolutionConfigurationPlatforms) = preSolution
		Local|Any CPU = Local|Any CPU
		Debug|Any CPU = Debug|Any CPU
		Staging|Any CPU = Staging|Any CPU
		Release|Any CPU = Release|Any CPU
		Testing|Any CPU = Testing|Any CPU
	EndGlobalSection
	GlobalSection(ProjectConfigurationPlatforms) = postSolution
		{C2FF4304-7CF2-42D7-B16E-6B1A3CEF811B}.Local|Any CPU.ActiveCfg = Local|Any CPU
		{C2FF4304-7CF2-42D7-B16E-6B1A3CEF811B}.Local|Any CPU.Build.0 = Local|Any CPU
		{C2FF4304-7CF2-42D7-B16E-6B1A3CEF811B}.Debug|Any CPU.ActiveCfg = Debug|Any CPU
		{C2FF4304-7CF2-42D7-B16E-6B1A3CEF811B}.Debug|Any CPU.Build.0 = Debug|Any CPU
		{C2FF4304-7CF2-42D7-B16E-6B1A3CEF811B}.Staging|Any CPU.ActiveCfg = Staging|Any CPU
		{C2FF4304-7CF2-42D7-B16E-6B1A3CEF811B}.Staging|Any CPU.Build.0 = Staging|Any CPU
		{C2FF4304-7CF2-42D7-B16E-6B1A3CEF811B}.Release|Any CPU.ActiveCfg = Release|Any CPU
		{C2FF4304-7CF2-42D7-B16E-6B1A3CEF811B}.Release|Any CPU.Build.0 = Release|Any CPU
		{C2FF4304-7CF2-42D7-B16E-6B1A3CEF811B}.Testing|Any CPU.ActiveCfg = Testing|Any CPU
		{C2FF4304-7CF2-42D7-B16E-6B1A3CEF811B}.Testing|Any CPU.Build.0 = Testing|Any CPU
		{68C3AF93-9B4D-47EF-913A-C4EE2ED9B11F}.Local|Any CPU.ActiveCfg = Local|Any CPU
		{68C3AF93-9B4D-47EF-913A-C4EE2ED9B11F}.Local|Any CPU.Build.0 = Local|Any CPU
		{68C3AF93-9B4D-47EF-913A-C4EE2ED9B11F}.Debug|Any CPU.ActiveCfg = Debug|Any CPU
		{68C3AF93-9B4D-47EF-913A-C4EE2ED9B11F}.Debug|Any CPU.Build.0 = Debug|Any CPU
		{68C3AF93-9B4D-47EF-913A-C4EE2ED9B11F}.Staging|Any CPU.ActiveCfg = Staging|Any CPU
		{68C3AF93-9B4D-47EF-913A-C4EE2ED9B11F}.Staging|Any CPU.Build.0 = Staging|Any CPU
		{68C3AF93-9B4D-47EF-913A-C4EE2ED9B11F}.Release|Any CPU.ActiveCfg = Release|Any CPU
		{68C3AF93-9B4D-47EF-913A-C4EE2ED9B11F}.Release|Any CPU.Build.0 = Release|Any CPU
		{68C3AF93-9B4D-47EF-913A-C4EE2ED9B11F}.Testing|Any CPU.ActiveCfg = Testing|Any CPU
		{68C3AF93-9B4D-47EF-913A-C4EE2ED9B11F}.Testing|Any CPU.Build.0 = Testing|Any CPU
		{662141EE-7F34-4D7D-B4EA-F202ADFCC9A7}.Local|Any CPU.ActiveCfg = Local|Any CPU
		{662141EE-7F34-4D7D-B4EA-F202ADFCC9A7}.Local|Any CPU.Build.0 = Local|Any CPU
		{662141EE-7F34-4D7D-B4EA-F202ADFCC9A7}.Debug|Any CPU.ActiveCfg = Debug|Any CPU
		{662141EE-7F34-4D7D-B4EA-F202ADFCC9A7}.Debug|Any CPU.Build.0 = Debug|Any CPU
		{662141EE-7F34-4D7D-B4EA-F202ADFCC9A7}.Staging|Any CPU.ActiveCfg = Staging|Any CPU
		{662141EE-7F34-4D7D-B4EA-F202ADFCC9A7}.Staging|Any CPU.Build.0 = Staging|Any CPU
		{662141EE-7F34-4D7D-B4EA-F202ADFCC9A7}.Release|Any CPU.ActiveCfg = Release|Any CPU
		{662141EE-7F34-4D7D-B4EA-F202ADFCC9A7}.Release|Any CPU.Build.0 = Release|Any CPU
		{662141EE-7F34-4D7D-B4EA-F202ADFCC9A7}.Testing|Any CPU.ActiveCfg = Testing|Any CPU
		{662141EE-7F34-4D7D-B4EA-F202ADFCC9A7}.Testing|Any CPU.Build.0 = Testing|Any CPU
		{F8A23C27-63C4-4CE5-A646-A47533F879EB}.Local|Any CPU.ActiveCfg = Local|Any CPU
		{F8A23C27-63C4-4CE5-A646-A47533F879EB}.Local|Any CPU.Build.0 = Local|Any CPU
		{F8A23C27-63C4-4CE5-A646-A47533F879EB}.Debug|Any CPU.ActiveCfg = Debug|Any CPU
		{F8A23C27-63C4-4CE5-A646-A47533F879EB}.Debug|Any CPU.Build.0 = Debug|Any CPU
		{F8A23C27-63C4-4CE5-A646-A47533F879EB}.Staging|Any CPU.ActiveCfg = Staging|Any CPU
		{F8A23C27-63C4-4CE5-A646-A47533F879EB}.Staging|Any CPU.Build.0 = Staging|Any CPU
		{F8A23C27-63C4-4CE5-A646-A47533F879EB}.Release|Any CPU.ActiveCfg = Release|Any CPU
		{F8A23C27-63C4-4CE5-A646-A47533F879EB}.Release|Any CPU.Build.0 = Release|Any CPU
		{F8A23C27-63C4-4CE5-A646-A47533F879EB}.Testing|Any CPU.ActiveCfg = Testing|Any CPU
		{F8A23C27-63C4-4CE5-A646-A47533F879EB}.Testing|Any CPU.Build.0 = Testing|Any CPU
		{43453B36-2DD1-439A-8DF2-A548F07F2CE4}.Local|Any CPU.ActiveCfg = Local|Any CPU
		{43453B36-2DD1-439A-8DF2-A548F07F2CE4}.Local|Any CPU.Build.0 = Local|Any CPU
		{43453B36-2DD1-439A-8DF2-A548F07F2CE4}.Debug|Any CPU.ActiveCfg = Debug|Any CPU
		{43453B36-2DD1-439A-8DF2-A548F07F2CE4}.Debug|Any CPU.Build.0 = Debug|Any CPU
		{43453B36-2DD1-439A-8DF2-A548F07F2CE4}.Staging|Any CPU.ActiveCfg = Staging|Any CPU
		{43453B36-2DD1-439A-8DF2-A548F07F2CE4}.Staging|Any CPU.Build.0 = Staging|Any CPU
		{43453B36-2DD1-439A-8DF2-A548F07F2CE4}.Release|Any CPU.ActiveCfg = Release|Any CPU
		{43453B36-2DD1-439A-8DF2-A548F07F2CE4}.Release|Any CPU.Build.0 = Release|Any CPU
		{43453B36-2DD1-439A-8DF2-A548F07F2CE4}.Testing|Any CPU.ActiveCfg = Testing|Any CPU
		{43453B36-2DD1-439A-8DF2-A548F07F2CE4}.Testing|Any CPU.Build.0 = Testing|Any CPU
	EndGlobalSection
	GlobalSection(SolutionProperties) = preSolution
		HideSolutionNode = FALSE
	EndGlobalSection
	GlobalSection(NestedProjects) = preSolution
		{C2FF4304-7CF2-42D7-B16E-6B1A3CEF811B} = {AB571DCB-D776-4A68-A781-9BB165BE577B}
		{68C3AF93-9B4D-47EF-913A-C4EE2ED9B11F} = {AB571DCB-D776-4A68-A781-9BB165BE577B}
		{662141EE-7F34-4D7D-B4EA-F202ADFCC9A7} = {AB571DCB-D776-4A68-A781-9BB165BE577B}
		{F8A23C27-63C4-4CE5-A646-A47533F879EB} = {EF718061-29C2-4020-A755-419CA4185F6E}
		{43453B36-2DD1-439A-8DF2-A548F07F2CE4} = {41504A13-C8F7-4CD1-B8D3-92A57645DC52}
	EndGlobalSection
	GlobalSection(ExtensibilityGlobals) = postSolution
		SolutionGuid = {C4D8BEB3-F255-435F-B81E-84E80D27FF5F}
	EndGlobalSection
EndGlobal
