Microsoft Visual Studio Solution File, Format Version 12.00
Project("{9A19103F-16F7-4668-BE54-9A1E7A4F7556}") = "JustinWritesCode.Enums.MimeTypes.Generator", "JustinWritesCode.Enums.MimeTypes.Generator.csproj", "{B1765C6B-9625-4061-B499-6AD8E3A9BDE2}"
EndProject
Global
	GlobalSection(SolutionConfigurationPlatforms) = preSolution
		Debug|Any CPU = Debug|Any CPU
		Release|Any CPU = Release|Any CPU
	EndGlobalSection
	GlobalSection(ProjectConfigurationPlatforms) = postSolution
		{B1765C6B-9625-4061-B499-6AD8E3A9BDE2}.Debug|Any CPU.ActiveCfg = Debug|Any CPU
		{B1765C6B-9625-4061-B499-6AD8E3A9BDE2}.Debug|Any CPU.Build.0 = Debug|Any CPU
		{B1765C6B-9625-4061-B499-6AD8E3A9BDE2}.Release|Any CPU.ActiveCfg = Release|Any CPU
		{B1765C6B-9625-4061-B499-6AD8E3A9BDE2}.Release|Any CPU.Build.0 = Release|Any CPU
	EndGlobalSection
	GlobalSection(SolutionProperties) = preSolution
		HideSolutionNode = FALSE
	EndGlobalSection
	GlobalSection(ExtensibilityGlobals) = postSolution
		SolutionGuid = {954B4479-7FE5-428B-87E2-236DE9D5C80D}
	EndGlobalSection
EndGlobal
