Microsoft Visual Studio Solution File, Format Version 12.00
Project("{9A19103F-16F7-4668-BE54-9A1E7A4F7556}") = "JustinWritesCode.RegexDtoGenerator", "JustinWritesCode.RegexDtoGenerator.csproj", "{8B2D55C2-749D-4300-8E94-8CE8D4BC6373}"
EndProject
Project("{2150E333-8FDC-42A3-9474-1A3956D46DE8}") = "src", "src", "{D63F8CC8-2260-4C9D-8C9C-1396EE529DD9}"
EndProject
Global
	GlobalSection(SolutionConfigurationPlatforms) = preSolution
		Local|Any CPU = Local|Any CPU
		Debug|Any CPU = Debug|Any CPU
		Staging|Any CPU = Staging|Any CPU
		Release|Any CPU = Release|Any CPU
		Testing|Any CPU = Testing|Any CPU
	EndGlobalSection
	GlobalSection(ProjectConfigurationPlatforms) = postSolution
		{8B2D55C2-749D-4300-8E94-8CE8D4BC6373}.Local|Any CPU.ActiveCfg = Local|Any CPU
		{8B2D55C2-749D-4300-8E94-8CE8D4BC6373}.Local|Any CPU.Build.0 = Local|Any CPU
		{8B2D55C2-749D-4300-8E94-8CE8D4BC6373}.Debug|Any CPU.ActiveCfg = Debug|Any CPU
		{8B2D55C2-749D-4300-8E94-8CE8D4BC6373}.Debug|Any CPU.Build.0 = Debug|Any CPU
		{8B2D55C2-749D-4300-8E94-8CE8D4BC6373}.Staging|Any CPU.ActiveCfg = Staging|Any CPU
		{8B2D55C2-749D-4300-8E94-8CE8D4BC6373}.Staging|Any CPU.Build.0 = Staging|Any CPU
		{8B2D55C2-749D-4300-8E94-8CE8D4BC6373}.Release|Any CPU.ActiveCfg = Release|Any CPU
		{8B2D55C2-749D-4300-8E94-8CE8D4BC6373}.Release|Any CPU.Build.0 = Release|Any CPU
		{8B2D55C2-749D-4300-8E94-8CE8D4BC6373}.Testing|Any CPU.ActiveCfg = Testing|Any CPU
		{8B2D55C2-749D-4300-8E94-8CE8D4BC6373}.Testing|Any CPU.Build.0 = Testing|Any CPU
	EndGlobalSection
	GlobalSection(SolutionProperties) = preSolution
		HideSolutionNode = FALSE
	EndGlobalSection
	GlobalSection(NestedProjects) = preSolution
		{8B2D55C2-749D-4300-8E94-8CE8D4BC6373} = {D63F8CC8-2260-4C9D-8C9C-1396EE529DD9}
	EndGlobalSection
	GlobalSection(ExtensibilityGlobals) = postSolution
		SolutionGuid = {5352F43A-DBFB-4154-854D-669B8E648A23}
	EndGlobalSection
EndGlobal
