Microsoft Visual Studio Solution File, Format Version 12.00
Project("{9A19103F-16F7-4668-BE54-9A1E7A4F7556}") = "Types", "Types.csproj", "{EFF4F7D7-4DA5-4CAB-8AE8-31FD14E00AC9}"
EndProject
Project("{9A19103F-16F7-4668-BE54-9A1E7A4F7556}") = "Abstractions", "Abstractions\Abstractions.csproj", "{80D65FBA-21BA-4073-B900-9193B834F407}"
EndProject
Project("{9A19103F-16F7-4668-BE54-9A1E7A4F7556}") = "ComponentModel", "ComponentModel\ComponentModel.csproj", "{58ED5C2E-C117-44A1-BB77-67DC2FCE9347}"
EndProject
Project("{9A19103F-16F7-4668-BE54-9A1E7A4F7556}") = "Core", "Core\Core.csproj", "{E55FC9D3-B76E-44E4-8E17-98ED010B4DCB}"
EndProject
Project("{9A19103F-16F7-4668-BE54-9A1E7A4F7556}") = "CodeGeneration", "Enumerations\CodeGeneration\CodeGeneration.csproj", "{330CCA34-F3AB-4A7E-9F29-8AB2550594E0}"
EndProject
Project("{9A19103F-16F7-4668-BE54-9A1E7A4F7556}") = "Enumeration", "Enumerations\Enumeration\Enumeration.csproj", "{43743465-5332-4E9C-8382-59152D6A2C91}"
EndProject
Project("{9A19103F-16F7-4668-BE54-9A1E7A4F7556}") = "Enumerations", "Enumerations\Enumerations.csproj", "{F5DDA0B8-243F-4B37-B4FD-1ABF0B13DC4A}"
EndProject
Project("{9A19103F-16F7-4668-BE54-9A1E7A4F7556}") = "EnumsTests", "Enumerations\EnumerationsTests\EnumsTests.csproj", "{049867F2-8CB9-4704-AF40-CC0C62E6C09F}"
EndProject
Project("{2150E333-8FDC-42A3-9474-1A3956D46DE8}") = "src", "src", "{4F2516C1-A992-4CFE-B011-0D79DCB4A292}"
EndProject
Project("{2150E333-8FDC-42A3-9474-1A3956D46DE8}") = "Core", "Core", "{04704064-4FF9-4070-BBD5-9DF64640E64B}"
EndProject
Project("{2150E333-8FDC-42A3-9474-1A3956D46DE8}") = "Annotations", "Annotations", "{33A0E724-4D43-4BC3-A238-167F5543D766}"
EndProject
Project("{2150E333-8FDC-42A3-9474-1A3956D46DE8}") = "Core.Enumerations", "Core.Enumerations", "{70F76B50-62AB-4AD4-BB19-0DA1A202FA33}"
EndProject
Global
	GlobalSection(SolutionConfigurationPlatforms) = preSolution
		Testing|Any CPU = Testing|Any CPU
		Local|Any CPU = Local|Any CPU
		Debug|Any CPU = Debug|Any CPU
		Staging|Any CPU = Staging|Any CPU
		Release|Any CPU = Release|Any CPU
	EndGlobalSection
	GlobalSection(ProjectConfigurationPlatforms) = postSolution
		{EFF4F7D7-4DA5-4CAB-8AE8-31FD14E00AC9}.Testing|Any CPU.ActiveCfg = Testing|Any CPU
		{EFF4F7D7-4DA5-4CAB-8AE8-31FD14E00AC9}.Testing|Any CPU.Build.0 = Testing|Any CPU
		{EFF4F7D7-4DA5-4CAB-8AE8-31FD14E00AC9}.Local|Any CPU.ActiveCfg = Local|Any CPU
		{EFF4F7D7-4DA5-4CAB-8AE8-31FD14E00AC9}.Local|Any CPU.Build.0 = Local|Any CPU
		{EFF4F7D7-4DA5-4CAB-8AE8-31FD14E00AC9}.Debug|Any CPU.ActiveCfg = Debug|Any CPU
		{EFF4F7D7-4DA5-4CAB-8AE8-31FD14E00AC9}.Debug|Any CPU.Build.0 = Debug|Any CPU
		{EFF4F7D7-4DA5-4CAB-8AE8-31FD14E00AC9}.Staging|Any CPU.ActiveCfg = Staging|Any CPU
		{EFF4F7D7-4DA5-4CAB-8AE8-31FD14E00AC9}.Staging|Any CPU.Build.0 = Staging|Any CPU
		{EFF4F7D7-4DA5-4CAB-8AE8-31FD14E00AC9}.Release|Any CPU.ActiveCfg = Release|Any CPU
		{EFF4F7D7-4DA5-4CAB-8AE8-31FD14E00AC9}.Release|Any CPU.Build.0 = Release|Any CPU
		{80D65FBA-21BA-4073-B900-9193B834F407}.Testing|Any CPU.ActiveCfg = Testing|Any CPU
		{80D65FBA-21BA-4073-B900-9193B834F407}.Testing|Any CPU.Build.0 = Testing|Any CPU
		{80D65FBA-21BA-4073-B900-9193B834F407}.Local|Any CPU.ActiveCfg = Local|Any CPU
		{80D65FBA-21BA-4073-B900-9193B834F407}.Local|Any CPU.Build.0 = Local|Any CPU
		{80D65FBA-21BA-4073-B900-9193B834F407}.Debug|Any CPU.ActiveCfg = Debug|Any CPU
		{80D65FBA-21BA-4073-B900-9193B834F407}.Debug|Any CPU.Build.0 = Debug|Any CPU
		{80D65FBA-21BA-4073-B900-9193B834F407}.Staging|Any CPU.ActiveCfg = Staging|Any CPU
		{80D65FBA-21BA-4073-B900-9193B834F407}.Staging|Any CPU.Build.0 = Staging|Any CPU
		{80D65FBA-21BA-4073-B900-9193B834F407}.Release|Any CPU.ActiveCfg = Release|Any CPU
		{80D65FBA-21BA-4073-B900-9193B834F407}.Release|Any CPU.Build.0 = Release|Any CPU
		{58ED5C2E-C117-44A1-BB77-67DC2FCE9347}.Testing|Any CPU.ActiveCfg = Testing|Any CPU
		{58ED5C2E-C117-44A1-BB77-67DC2FCE9347}.Testing|Any CPU.Build.0 = Testing|Any CPU
		{58ED5C2E-C117-44A1-BB77-67DC2FCE9347}.Local|Any CPU.ActiveCfg = Local|Any CPU
		{58ED5C2E-C117-44A1-BB77-67DC2FCE9347}.Local|Any CPU.Build.0 = Local|Any CPU
		{58ED5C2E-C117-44A1-BB77-67DC2FCE9347}.Debug|Any CPU.ActiveCfg = Debug|Any CPU
		{58ED5C2E-C117-44A1-BB77-67DC2FCE9347}.Debug|Any CPU.Build.0 = Debug|Any CPU
		{58ED5C2E-C117-44A1-BB77-67DC2FCE9347}.Staging|Any CPU.ActiveCfg = Staging|Any CPU
		{58ED5C2E-C117-44A1-BB77-67DC2FCE9347}.Staging|Any CPU.Build.0 = Staging|Any CPU
		{58ED5C2E-C117-44A1-BB77-67DC2FCE9347}.Release|Any CPU.ActiveCfg = Release|Any CPU
		{58ED5C2E-C117-44A1-BB77-67DC2FCE9347}.Release|Any CPU.Build.0 = Release|Any CPU
		{E55FC9D3-B76E-44E4-8E17-98ED010B4DCB}.Testing|Any CPU.ActiveCfg = Testing|Any CPU
		{E55FC9D3-B76E-44E4-8E17-98ED010B4DCB}.Testing|Any CPU.Build.0 = Testing|Any CPU
		{E55FC9D3-B76E-44E4-8E17-98ED010B4DCB}.Local|Any CPU.ActiveCfg = Local|Any CPU
		{E55FC9D3-B76E-44E4-8E17-98ED010B4DCB}.Local|Any CPU.Build.0 = Local|Any CPU
		{E55FC9D3-B76E-44E4-8E17-98ED010B4DCB}.Debug|Any CPU.ActiveCfg = Debug|Any CPU
		{E55FC9D3-B76E-44E4-8E17-98ED010B4DCB}.Debug|Any CPU.Build.0 = Debug|Any CPU
		{E55FC9D3-B76E-44E4-8E17-98ED010B4DCB}.Staging|Any CPU.ActiveCfg = Staging|Any CPU
		{E55FC9D3-B76E-44E4-8E17-98ED010B4DCB}.Staging|Any CPU.Build.0 = Staging|Any CPU
		{E55FC9D3-B76E-44E4-8E17-98ED010B4DCB}.Release|Any CPU.ActiveCfg = Release|Any CPU
		{E55FC9D3-B76E-44E4-8E17-98ED010B4DCB}.Release|Any CPU.Build.0 = Release|Any CPU
		{330CCA34-F3AB-4A7E-9F29-8AB2550594E0}.Testing|Any CPU.ActiveCfg = Testing|Any CPU
		{330CCA34-F3AB-4A7E-9F29-8AB2550594E0}.Testing|Any CPU.Build.0 = Testing|Any CPU
		{330CCA34-F3AB-4A7E-9F29-8AB2550594E0}.Local|Any CPU.ActiveCfg = Local|Any CPU
		{330CCA34-F3AB-4A7E-9F29-8AB2550594E0}.Local|Any CPU.Build.0 = Local|Any CPU
		{330CCA34-F3AB-4A7E-9F29-8AB2550594E0}.Debug|Any CPU.ActiveCfg = Debug|Any CPU
		{330CCA34-F3AB-4A7E-9F29-8AB2550594E0}.Debug|Any CPU.Build.0 = Debug|Any CPU
		{330CCA34-F3AB-4A7E-9F29-8AB2550594E0}.Staging|Any CPU.ActiveCfg = Staging|Any CPU
		{330CCA34-F3AB-4A7E-9F29-8AB2550594E0}.Staging|Any CPU.Build.0 = Staging|Any CPU
		{330CCA34-F3AB-4A7E-9F29-8AB2550594E0}.Release|Any CPU.ActiveCfg = Release|Any CPU
		{330CCA34-F3AB-4A7E-9F29-8AB2550594E0}.Release|Any CPU.Build.0 = Release|Any CPU
		{43743465-5332-4E9C-8382-59152D6A2C91}.Testing|Any CPU.ActiveCfg = Testing|Any CPU
		{43743465-5332-4E9C-8382-59152D6A2C91}.Testing|Any CPU.Build.0 = Testing|Any CPU
		{43743465-5332-4E9C-8382-59152D6A2C91}.Local|Any CPU.ActiveCfg = Local|Any CPU
		{43743465-5332-4E9C-8382-59152D6A2C91}.Local|Any CPU.Build.0 = Local|Any CPU
		{43743465-5332-4E9C-8382-59152D6A2C91}.Debug|Any CPU.ActiveCfg = Debug|Any CPU
		{43743465-5332-4E9C-8382-59152D6A2C91}.Debug|Any CPU.Build.0 = Debug|Any CPU
		{43743465-5332-4E9C-8382-59152D6A2C91}.Staging|Any CPU.ActiveCfg = Staging|Any CPU
		{43743465-5332-4E9C-8382-59152D6A2C91}.Staging|Any CPU.Build.0 = Staging|Any CPU
		{43743465-5332-4E9C-8382-59152D6A2C91}.Release|Any CPU.ActiveCfg = Release|Any CPU
		{43743465-5332-4E9C-8382-59152D6A2C91}.Release|Any CPU.Build.0 = Release|Any CPU
		{F5DDA0B8-243F-4B37-B4FD-1ABF0B13DC4A}.Testing|Any CPU.ActiveCfg = Testing|Any CPU
		{F5DDA0B8-243F-4B37-B4FD-1ABF0B13DC4A}.Testing|Any CPU.Build.0 = Testing|Any CPU
		{F5DDA0B8-243F-4B37-B4FD-1ABF0B13DC4A}.Local|Any CPU.ActiveCfg = Local|Any CPU
		{F5DDA0B8-243F-4B37-B4FD-1ABF0B13DC4A}.Local|Any CPU.Build.0 = Local|Any CPU
		{F5DDA0B8-243F-4B37-B4FD-1ABF0B13DC4A}.Debug|Any CPU.ActiveCfg = Debug|Any CPU
		{F5DDA0B8-243F-4B37-B4FD-1ABF0B13DC4A}.Debug|Any CPU.Build.0 = Debug|Any CPU
		{F5DDA0B8-243F-4B37-B4FD-1ABF0B13DC4A}.Staging|Any CPU.ActiveCfg = Staging|Any CPU
		{F5DDA0B8-243F-4B37-B4FD-1ABF0B13DC4A}.Staging|Any CPU.Build.0 = Staging|Any CPU
		{F5DDA0B8-243F-4B37-B4FD-1ABF0B13DC4A}.Release|Any CPU.ActiveCfg = Release|Any CPU
		{F5DDA0B8-243F-4B37-B4FD-1ABF0B13DC4A}.Release|Any CPU.Build.0 = Release|Any CPU
		{049867F2-8CB9-4704-AF40-CC0C62E6C09F}.Testing|Any CPU.ActiveCfg = Testing|Any CPU
		{049867F2-8CB9-4704-AF40-CC0C62E6C09F}.Testing|Any CPU.Build.0 = Testing|Any CPU
		{049867F2-8CB9-4704-AF40-CC0C62E6C09F}.Local|Any CPU.ActiveCfg = Local|Any CPU
		{049867F2-8CB9-4704-AF40-CC0C62E6C09F}.Local|Any CPU.Build.0 = Local|Any CPU
		{049867F2-8CB9-4704-AF40-CC0C62E6C09F}.Debug|Any CPU.ActiveCfg = Debug|Any CPU
		{049867F2-8CB9-4704-AF40-CC0C62E6C09F}.Debug|Any CPU.Build.0 = Debug|Any CPU
		{049867F2-8CB9-4704-AF40-CC0C62E6C09F}.Staging|Any CPU.ActiveCfg = Staging|Any CPU
		{049867F2-8CB9-4704-AF40-CC0C62E6C09F}.Staging|Any CPU.Build.0 = Staging|Any CPU
		{049867F2-8CB9-4704-AF40-CC0C62E6C09F}.Release|Any CPU.ActiveCfg = Release|Any CPU
		{049867F2-8CB9-4704-AF40-CC0C62E6C09F}.Release|Any CPU.Build.0 = Release|Any CPU
	EndGlobalSection
	GlobalSection(SolutionProperties) = preSolution
		HideSolutionNode = FALSE
	EndGlobalSection
	GlobalSection(NestedProjects) = preSolution
		{EFF4F7D7-4DA5-4CAB-8AE8-31FD14E00AC9} = {4F2516C1-A992-4CFE-B011-0D79DCB4A292}
		{80D65FBA-21BA-4073-B900-9193B834F407} = {04704064-4FF9-4070-BBD5-9DF64640E64B}
		{E55FC9D3-B76E-44E4-8E17-98ED010B4DCB} = {04704064-4FF9-4070-BBD5-9DF64640E64B}
		{58ED5C2E-C117-44A1-BB77-67DC2FCE9347} = {33A0E724-4D43-4BC3-A238-167F5543D766}
		{F5DDA0B8-243F-4B37-B4FD-1ABF0B13DC4A} = {70F76B50-62AB-4AD4-BB19-0DA1A202FA33}
	EndGlobalSection
	GlobalSection(ExtensibilityGlobals) = postSolution
		SolutionGuid = {26DF357E-F707-4468-B9D0-0A6833002EA4}
	EndGlobalSection
EndGlobal
